// !$*UTF8*$!
{
	archiveVersion = 1;
	classes = {
	};
	objectVersion = 50;
	objects = {

/* Begin PBXBuildFile section */
		4391CDE718C420FF2651BBA5 /* Pods_Final_Challenge.framework in Frameworks */ = {isa = PBXBuildFile; fileRef = 7173EE72361510184F29CE2C /* Pods_Final_Challenge.framework */; };
		6620EC1A21E5AE49009FDC04 /* ImageCameraTableViewCell.swift in Sources */ = {isa = PBXBuildFile; fileRef = 6620EC1921E5AE49009FDC04 /* ImageCameraTableViewCell.swift */; };
		6620EC1C21E5AE73009FDC04 /* RatingTableViewCell.swift in Sources */ = {isa = PBXBuildFile; fileRef = 6620EC1B21E5AE73009FDC04 /* RatingTableViewCell.swift */; };
		6620EC1E21E5AE7A009FDC04 /* ReviewTableViewCell.swift in Sources */ = {isa = PBXBuildFile; fileRef = 6620EC1D21E5AE7A009FDC04 /* ReviewTableViewCell.swift */; };
		6620EC2021E5AE7F009FDC04 /* SubmitTableViewCell.swift in Sources */ = {isa = PBXBuildFile; fileRef = 6620EC1F21E5AE7F009FDC04 /* SubmitTableViewCell.swift */; };
		663CBBE821E451E400572FFC /* AppDelegate.swift in Sources */ = {isa = PBXBuildFile; fileRef = 663CBBE721E451E400572FFC /* AppDelegate.swift */; };
		663CBBED21E451E400572FFC /* Main.storyboard in Resources */ = {isa = PBXBuildFile; fileRef = 663CBBEB21E451E400572FFC /* Main.storyboard */; };
		663CBBF021E451E400572FFC /* Final_Challenge.xcdatamodeld in Sources */ = {isa = PBXBuildFile; fileRef = 663CBBEE21E451E400572FFC /* Final_Challenge.xcdatamodeld */; };
		663CBBF221E451E500572FFC /* Assets.xcassets in Resources */ = {isa = PBXBuildFile; fileRef = 663CBBF121E451E500572FFC /* Assets.xcassets */; };
		663CBBF521E451E500572FFC /* LaunchScreen.storyboard in Resources */ = {isa = PBXBuildFile; fileRef = 663CBBF321E451E500572FFC /* LaunchScreen.storyboard */; };
		66B737C421E46299000C9B50 /* TastePreferenceTest.storyboard in Resources */ = {isa = PBXBuildFile; fileRef = 66B737C321E46299000C9B50 /* TastePreferenceTest.storyboard */; };
		66B737C621E4650B000C9B50 /* LoginVerification.storyboard in Resources */ = {isa = PBXBuildFile; fileRef = 66B737C521E4650B000C9B50 /* LoginVerification.storyboard */; };
		66B737C821E46577000C9B50 /* LoginViewController.swift in Sources */ = {isa = PBXBuildFile; fileRef = 66B737C721E46577000C9B50 /* LoginViewController.swift */; };
		66B737CC21E46B5B000C9B50 /* ScanViewController.swift in Sources */ = {isa = PBXBuildFile; fileRef = 66B737CB21E46B5B000C9B50 /* ScanViewController.swift */; };
		66B737CE21E46B64000C9B50 /* ResultViewController.swift in Sources */ = {isa = PBXBuildFile; fileRef = 66B737CD21E46B64000C9B50 /* ResultViewController.swift */; };
		66B737D021E46B72000C9B50 /* GiveReviewViewController.swift in Sources */ = {isa = PBXBuildFile; fileRef = 66B737CF21E46B72000C9B50 /* GiveReviewViewController.swift */; };
		66B737D321E46C10000C9B50 /* ProfileViewController.swift in Sources */ = {isa = PBXBuildFile; fileRef = 66B737D221E46C10000C9B50 /* ProfileViewController.swift */; };
		66B737DB21E46C9E000C9B50 /* SignUpViewController.swift in Sources */ = {isa = PBXBuildFile; fileRef = 66B737DA21E46C9E000C9B50 /* SignUpViewController.swift */; };
		66B737DE21E46DFD000C9B50 /* ResultPhotoTableViewCell.swift in Sources */ = {isa = PBXBuildFile; fileRef = 66B737DD21E46DFD000C9B50 /* ResultPhotoTableViewCell.swift */; };
		66B737E021E4700E000C9B50 /* ResultActionButtonTableViewCell.swift in Sources */ = {isa = PBXBuildFile; fileRef = 66B737DF21E4700E000C9B50 /* ResultActionButtonTableViewCell.swift */; };
		66B737E221E47020000C9B50 /* ResultInformationTableViewCell.swift in Sources */ = {isa = PBXBuildFile; fileRef = 66B737E121E47020000C9B50 /* ResultInformationTableViewCell.swift */; };
		66B737E421E47033000C9B50 /* ResultPredictionTableViewCell.swift in Sources */ = {isa = PBXBuildFile; fileRef = 66B737E321E47033000C9B50 /* ResultPredictionTableViewCell.swift */; };
		66B737E621E47044000C9B50 /* ResultSimilarTableViewCell.swift in Sources */ = {isa = PBXBuildFile; fileRef = 66B737E521E47044000C9B50 /* ResultSimilarTableViewCell.swift */; };
		CAFFD6F521E478EE00147751 /* IntroductionViewController.swift in Sources */ = {isa = PBXBuildFile; fileRef = CAFFD6F421E478EE00147751 /* IntroductionViewController.swift */; };
		CAFFD6F721E479AE00147751 /* GoogleService-Info.plist in Resources */ = {isa = PBXBuildFile; fileRef = CAFFD6F621E479AE00147751 /* GoogleService-Info.plist */; };
/* End PBXBuildFile section */

/* Begin PBXFileReference section */
		013BB0A6A2039AB2ED724247 /* Pods-Final Challenge.debug.xcconfig */ = {isa = PBXFileReference; includeInIndex = 1; lastKnownFileType = text.xcconfig; name = "Pods-Final Challenge.debug.xcconfig"; path = "Pods/Target Support Files/Pods-Final Challenge/Pods-Final Challenge.debug.xcconfig"; sourceTree = "<group>"; };
		359B432ACDA4F0042D37E042 /* Pods-Final Challenge.release.xcconfig */ = {isa = PBXFileReference; includeInIndex = 1; lastKnownFileType = text.xcconfig; name = "Pods-Final Challenge.release.xcconfig"; path = "Pods/Target Support Files/Pods-Final Challenge/Pods-Final Challenge.release.xcconfig"; sourceTree = "<group>"; };
		6620EC1921E5AE49009FDC04 /* ImageCameraTableViewCell.swift */ = {isa = PBXFileReference; lastKnownFileType = sourcecode.swift; path = ImageCameraTableViewCell.swift; sourceTree = "<group>"; };
		6620EC1B21E5AE73009FDC04 /* RatingTableViewCell.swift */ = {isa = PBXFileReference; lastKnownFileType = sourcecode.swift; path = RatingTableViewCell.swift; sourceTree = "<group>"; };
		6620EC1D21E5AE7A009FDC04 /* ReviewTableViewCell.swift */ = {isa = PBXFileReference; lastKnownFileType = sourcecode.swift; path = ReviewTableViewCell.swift; sourceTree = "<group>"; };
		6620EC1F21E5AE7F009FDC04 /* SubmitTableViewCell.swift */ = {isa = PBXFileReference; lastKnownFileType = sourcecode.swift; path = SubmitTableViewCell.swift; sourceTree = "<group>"; };
		663CBBE421E451E400572FFC /* Final Challenge.app */ = {isa = PBXFileReference; explicitFileType = wrapper.application; includeInIndex = 0; path = "Final Challenge.app"; sourceTree = BUILT_PRODUCTS_DIR; };
		663CBBE721E451E400572FFC /* AppDelegate.swift */ = {isa = PBXFileReference; lastKnownFileType = sourcecode.swift; path = AppDelegate.swift; sourceTree = "<group>"; };
		663CBBEC21E451E400572FFC /* Base */ = {isa = PBXFileReference; lastKnownFileType = file.storyboard; name = Base; path = Base.lproj/Main.storyboard; sourceTree = "<group>"; };
		663CBBEF21E451E400572FFC /* Final_Challenge.xcdatamodel */ = {isa = PBXFileReference; lastKnownFileType = wrapper.xcdatamodel; path = Final_Challenge.xcdatamodel; sourceTree = "<group>"; };
		663CBBF121E451E500572FFC /* Assets.xcassets */ = {isa = PBXFileReference; lastKnownFileType = folder.assetcatalog; path = Assets.xcassets; sourceTree = "<group>"; };
		663CBBF421E451E500572FFC /* Base */ = {isa = PBXFileReference; lastKnownFileType = file.storyboard; name = Base; path = Base.lproj/LaunchScreen.storyboard; sourceTree = "<group>"; };
		663CBBF621E451E500572FFC /* Info.plist */ = {isa = PBXFileReference; lastKnownFileType = text.plist.xml; path = Info.plist; sourceTree = "<group>"; };
		66B737C321E46299000C9B50 /* TastePreferenceTest.storyboard */ = {isa = PBXFileReference; lastKnownFileType = file.storyboard; path = TastePreferenceTest.storyboard; sourceTree = "<group>"; };
		66B737C521E4650B000C9B50 /* LoginVerification.storyboard */ = {isa = PBXFileReference; lastKnownFileType = file.storyboard; path = LoginVerification.storyboard; sourceTree = "<group>"; };
		66B737C721E46577000C9B50 /* LoginViewController.swift */ = {isa = PBXFileReference; lastKnownFileType = sourcecode.swift; path = LoginViewController.swift; sourceTree = "<group>"; };
		66B737CB21E46B5B000C9B50 /* ScanViewController.swift */ = {isa = PBXFileReference; lastKnownFileType = sourcecode.swift; path = ScanViewController.swift; sourceTree = "<group>"; };
		66B737CD21E46B64000C9B50 /* ResultViewController.swift */ = {isa = PBXFileReference; lastKnownFileType = sourcecode.swift; path = ResultViewController.swift; sourceTree = "<group>"; };
		66B737CF21E46B72000C9B50 /* GiveReviewViewController.swift */ = {isa = PBXFileReference; lastKnownFileType = sourcecode.swift; path = GiveReviewViewController.swift; sourceTree = "<group>"; };
		66B737D221E46C10000C9B50 /* ProfileViewController.swift */ = {isa = PBXFileReference; lastKnownFileType = sourcecode.swift; path = ProfileViewController.swift; sourceTree = "<group>"; };
		66B737DA21E46C9E000C9B50 /* SignUpViewController.swift */ = {isa = PBXFileReference; lastKnownFileType = sourcecode.swift; path = SignUpViewController.swift; sourceTree = "<group>"; };
		66B737DD21E46DFD000C9B50 /* ResultPhotoTableViewCell.swift */ = {isa = PBXFileReference; lastKnownFileType = sourcecode.swift; path = ResultPhotoTableViewCell.swift; sourceTree = "<group>"; };
		66B737DF21E4700E000C9B50 /* ResultActionButtonTableViewCell.swift */ = {isa = PBXFileReference; lastKnownFileType = sourcecode.swift; path = ResultActionButtonTableViewCell.swift; sourceTree = "<group>"; };
		66B737E121E47020000C9B50 /* ResultInformationTableViewCell.swift */ = {isa = PBXFileReference; lastKnownFileType = sourcecode.swift; path = ResultInformationTableViewCell.swift; sourceTree = "<group>"; };
		66B737E321E47033000C9B50 /* ResultPredictionTableViewCell.swift */ = {isa = PBXFileReference; lastKnownFileType = sourcecode.swift; path = ResultPredictionTableViewCell.swift; sourceTree = "<group>"; };
		66B737E521E47044000C9B50 /* ResultSimilarTableViewCell.swift */ = {isa = PBXFileReference; lastKnownFileType = sourcecode.swift; path = ResultSimilarTableViewCell.swift; sourceTree = "<group>"; };
		7173EE72361510184F29CE2C /* Pods_Final_Challenge.framework */ = {isa = PBXFileReference; explicitFileType = wrapper.framework; includeInIndex = 0; path = Pods_Final_Challenge.framework; sourceTree = BUILT_PRODUCTS_DIR; };
		CAFFD6F421E478EE00147751 /* IntroductionViewController.swift */ = {isa = PBXFileReference; lastKnownFileType = sourcecode.swift; path = IntroductionViewController.swift; sourceTree = "<group>"; };
		CAFFD6F621E479AE00147751 /* GoogleService-Info.plist */ = {isa = PBXFileReference; fileEncoding = 4; lastKnownFileType = text.plist.xml; path = "GoogleService-Info.plist"; sourceTree = "<group>"; };
/* End PBXFileReference section */

/* Begin PBXFrameworksBuildPhase section */
		663CBBE121E451E400572FFC /* Frameworks */ = {
			isa = PBXFrameworksBuildPhase;
			buildActionMask = 2147483647;
			files = (
				4391CDE718C420FF2651BBA5 /* Pods_Final_Challenge.framework in Frameworks */,
			);
			runOnlyForDeploymentPostprocessing = 0;
		};
/* End PBXFrameworksBuildPhase section */

/* Begin PBXGroup section */
		6620EC1821E5AE28009FDC04 /* Review */ = {
			isa = PBXGroup;
			children = (
				6620EC1921E5AE49009FDC04 /* ImageCameraTableViewCell.swift */,
				66B737CF21E46B72000C9B50 /* GiveReviewViewController.swift */,
				6620EC1B21E5AE73009FDC04 /* RatingTableViewCell.swift */,
				6620EC1D21E5AE7A009FDC04 /* ReviewTableViewCell.swift */,
				6620EC1F21E5AE7F009FDC04 /* SubmitTableViewCell.swift */,
			);
			path = Review;
			sourceTree = "<group>";
		};
		663CBBDB21E451E300572FFC = {
			isa = PBXGroup;
			children = (
				663CBBE621E451E400572FFC /* Final Challenge */,
				663CBBE521E451E400572FFC /* Products */,
				CCBBAF19F2A73882630E25C5 /* Pods */,
				80273975D5873B842119DABD /* Frameworks */,
			);
			sourceTree = "<group>";
		};
		663CBBE521E451E400572FFC /* Products */ = {
			isa = PBXGroup;
			children = (
				663CBBE421E451E400572FFC /* Final Challenge.app */,
			);
			name = Products;
			sourceTree = "<group>";
		};
		663CBBE621E451E400572FFC /* Final Challenge */ = {
			isa = PBXGroup;
			children = (
				66B737C021E46231000C9B50 /* View */,
				66B737C121E46238000C9B50 /* Model */,
				66B737C221E4623C000C9B50 /* Controller */,
				663CBBE721E451E400572FFC /* AppDelegate.swift */,
				663CBBF121E451E500572FFC /* Assets.xcassets */,
				663CBBF621E451E500572FFC /* Info.plist */,
				CAFFD6F621E479AE00147751 /* GoogleService-Info.plist */,
				663CBBEE21E451E400572FFC /* Final_Challenge.xcdatamodeld */,
			);
			path = "Final Challenge";
			sourceTree = "<group>";
		};
		66B737C021E46231000C9B50 /* View */ = {
			isa = PBXGroup;
			children = (
				663CBBEB21E451E400572FFC /* Main.storyboard */,
				66B737C321E46299000C9B50 /* TastePreferenceTest.storyboard */,
				66B737C521E4650B000C9B50 /* LoginVerification.storyboard */,
				663CBBF321E451E500572FFC /* LaunchScreen.storyboard */,
			);
			path = View;
			sourceTree = "<group>";
		};
		66B737C121E46238000C9B50 /* Model */ = {
			isa = PBXGroup;
			children = (
			);
			path = Model;
			sourceTree = "<group>";
		};
		66B737C221E4623C000C9B50 /* Controller */ = {
			isa = PBXGroup;
			children = (
				66B737D721E46C8C000C9B50 /* Login Verification */,
				66B737D621E46C87000C9B50 /* Taste */,
				66B737D121E46B76000C9B50 /* Main */,
			);
			path = Controller;
			sourceTree = "<group>";
		};
		66B737D121E46B76000C9B50 /* Main */ = {
			isa = PBXGroup;
			children = (
				6620EC1821E5AE28009FDC04 /* Review */,
				66B737DC21E46DC3000C9B50 /* Result */,
				66B737CB21E46B5B000C9B50 /* ScanViewController.swift */,
				66B737D221E46C10000C9B50 /* ProfileViewController.swift */,
			);
			path = Main;
			sourceTree = "<group>";
		};
		66B737D621E46C87000C9B50 /* Taste */ = {
			isa = PBXGroup;
			children = (
			);
			path = Taste;
			sourceTree = "<group>";
		};
		66B737D721E46C8C000C9B50 /* Login Verification */ = {
			isa = PBXGroup;
			children = (
				66B737C721E46577000C9B50 /* LoginViewController.swift */,
				66B737DA21E46C9E000C9B50 /* SignUpViewController.swift */,
				CAFFD6F421E478EE00147751 /* IntroductionViewController.swift */,
			);
			path = "Login Verification";
			sourceTree = "<group>";
		};
		66B737DC21E46DC3000C9B50 /* Result */ = {
			isa = PBXGroup;
			children = (
				66B737CD21E46B64000C9B50 /* ResultViewController.swift */,
				66B737DD21E46DFD000C9B50 /* ResultPhotoTableViewCell.swift */,
				66B737DF21E4700E000C9B50 /* ResultActionButtonTableViewCell.swift */,
				66B737E121E47020000C9B50 /* ResultInformationTableViewCell.swift */,
				66B737E321E47033000C9B50 /* ResultPredictionTableViewCell.swift */,
				66B737E521E47044000C9B50 /* ResultSimilarTableViewCell.swift */,
			);
			path = Result;
			sourceTree = "<group>";
		};
		80273975D5873B842119DABD /* Frameworks */ = {
			isa = PBXGroup;
			children = (
				7173EE72361510184F29CE2C /* Pods_Final_Challenge.framework */,
			);
			name = Frameworks;
			sourceTree = "<group>";
		};
		CCBBAF19F2A73882630E25C5 /* Pods */ = {
			isa = PBXGroup;
			children = (
				013BB0A6A2039AB2ED724247 /* Pods-Final Challenge.debug.xcconfig */,
				359B432ACDA4F0042D37E042 /* Pods-Final Challenge.release.xcconfig */,
			);
			name = Pods;
			sourceTree = "<group>";
		};
/* End PBXGroup section */

/* Begin PBXNativeTarget section */
		663CBBE321E451E400572FFC /* Final Challenge */ = {
			isa = PBXNativeTarget;
			buildConfigurationList = 663CBBF921E451E500572FFC /* Build configuration list for PBXNativeTarget "Final Challenge" */;
			buildPhases = (
				57671F17B1FA9235DA550D9D /* [CP] Check Pods Manifest.lock */,
				663CBBE021E451E400572FFC /* Sources */,
				663CBBE121E451E400572FFC /* Frameworks */,
				663CBBE221E451E400572FFC /* Resources */,
			);
			buildRules = (
			);
			dependencies = (
			);
			name = "Final Challenge";
			productName = "Final Challenge";
			productReference = 663CBBE421E451E400572FFC /* Final Challenge.app */;
			productType = "com.apple.product-type.application";
		};
/* End PBXNativeTarget section */

/* Begin PBXProject section */
		663CBBDC21E451E300572FFC /* Project object */ = {
			isa = PBXProject;
			attributes = {
				LastSwiftUpdateCheck = 1010;
				LastUpgradeCheck = 1010;
				ORGANIZATIONNAME = "Yosua Hoo";
				TargetAttributes = {
					663CBBE321E451E400572FFC = {
						CreatedOnToolsVersion = 10.1;
					};
				};
			};
			buildConfigurationList = 663CBBDF21E451E300572FFC /* Build configuration list for PBXProject "Final Challenge" */;
			compatibilityVersion = "Xcode 9.3";
			developmentRegion = en;
			hasScannedForEncodings = 0;
			knownRegions = (
				en,
				Base,
			);
			mainGroup = 663CBBDB21E451E300572FFC;
			productRefGroup = 663CBBE521E451E400572FFC /* Products */;
			projectDirPath = "";
			projectRoot = "";
			targets = (
				663CBBE321E451E400572FFC /* Final Challenge */,
			);
		};
/* End PBXProject section */

/* Begin PBXResourcesBuildPhase section */
		663CBBE221E451E400572FFC /* Resources */ = {
			isa = PBXResourcesBuildPhase;
			buildActionMask = 2147483647;
			files = (
				66B737C621E4650B000C9B50 /* LoginVerification.storyboard in Resources */,
				663CBBF521E451E500572FFC /* LaunchScreen.storyboard in Resources */,
				66B737C421E46299000C9B50 /* TastePreferenceTest.storyboard in Resources */,
				663CBBF221E451E500572FFC /* Assets.xcassets in Resources */,
				663CBBED21E451E400572FFC /* Main.storyboard in Resources */,
				CAFFD6F721E479AE00147751 /* GoogleService-Info.plist in Resources */,
			);
			runOnlyForDeploymentPostprocessing = 0;
		};
/* End PBXResourcesBuildPhase section */

/* Begin PBXShellScriptBuildPhase section */
		57671F17B1FA9235DA550D9D /* [CP] Check Pods Manifest.lock */ = {
			isa = PBXShellScriptBuildPhase;
			buildActionMask = 2147483647;
			files = (
			);
			inputPaths = (
				"${PODS_PODFILE_DIR_PATH}/Podfile.lock",
				"${PODS_ROOT}/Manifest.lock",
			);
			name = "[CP] Check Pods Manifest.lock";
			outputPaths = (
				"$(DERIVED_FILE_DIR)/Pods-Final Challenge-checkManifestLockResult.txt",
			);
			runOnlyForDeploymentPostprocessing = 0;
			shellPath = /bin/sh;
			shellScript = "diff \"${PODS_PODFILE_DIR_PATH}/Podfile.lock\" \"${PODS_ROOT}/Manifest.lock\" > /dev/null\nif [ $? != 0 ] ; then\n    # print error to STDERR\n    echo \"error: The sandbox is not in sync with the Podfile.lock. Run 'pod install' or update your CocoaPods installation.\" >&2\n    exit 1\nfi\n# This output is used by Xcode 'outputs' to avoid re-running this script phase.\necho \"SUCCESS\" > \"${SCRIPT_OUTPUT_FILE_0}\"\n";
			showEnvVarsInLog = 0;
		};
/* End PBXShellScriptBuildPhase section */

/* Begin PBXSourcesBuildPhase section */
		663CBBE021E451E400572FFC /* Sources */ = {
			isa = PBXSourcesBuildPhase;
			buildActionMask = 2147483647;
			files = (
				66B737CE21E46B64000C9B50 /* ResultViewController.swift in Sources */,
				66B737D021E46B72000C9B50 /* GiveReviewViewController.swift in Sources */,
				66B737C821E46577000C9B50 /* LoginViewController.swift in Sources */,
				663CBBF021E451E400572FFC /* Final_Challenge.xcdatamodeld in Sources */,
				6620EC1A21E5AE49009FDC04 /* ImageCameraTableViewCell.swift in Sources */,
				66B737E421E47033000C9B50 /* ResultPredictionTableViewCell.swift in Sources */,
				66B737E021E4700E000C9B50 /* ResultActionButtonTableViewCell.swift in Sources */,
				CAFFD6F521E478EE00147751 /* IntroductionViewController.swift in Sources */,
				66B737D321E46C10000C9B50 /* ProfileViewController.swift in Sources */,
				66B737DB21E46C9E000C9B50 /* SignUpViewController.swift in Sources */,
				66B737DE21E46DFD000C9B50 /* ResultPhotoTableViewCell.swift in Sources */,
				66B737E621E47044000C9B50 /* ResultSimilarTableViewCell.swift in Sources */,
				6620EC1C21E5AE73009FDC04 /* RatingTableViewCell.swift in Sources */,
				663CBBE821E451E400572FFC /* AppDelegate.swift in Sources */,
				6620EC1E21E5AE7A009FDC04 /* ReviewTableViewCell.swift in Sources */,
				6620EC2021E5AE7F009FDC04 /* SubmitTableViewCell.swift in Sources */,
				66B737CC21E46B5B000C9B50 /* ScanViewController.swift in Sources */,
				66B737E221E47020000C9B50 /* ResultInformationTableViewCell.swift in Sources */,
			);
			runOnlyForDeploymentPostprocessing = 0;
		};
/* End PBXSourcesBuildPhase section */

/* Begin PBXVariantGroup section */
		663CBBEB21E451E400572FFC /* Main.storyboard */ = {
			isa = PBXVariantGroup;
			children = (
				663CBBEC21E451E400572FFC /* Base */,
			);
			name = Main.storyboard;
			sourceTree = "<group>";
		};
		663CBBF321E451E500572FFC /* LaunchScreen.storyboard */ = {
			isa = PBXVariantGroup;
			children = (
				663CBBF421E451E500572FFC /* Base */,
			);
			name = LaunchScreen.storyboard;
			sourceTree = "<group>";
		};
/* End PBXVariantGroup section */

/* Begin XCBuildConfiguration section */
		663CBBF721E451E500572FFC /* Debug */ = {
			isa = XCBuildConfiguration;
			buildSettings = {
				ALWAYS_SEARCH_USER_PATHS = NO;
				CLANG_ANALYZER_NONNULL = YES;
				CLANG_ANALYZER_NUMBER_OBJECT_CONVERSION = YES_AGGRESSIVE;
				CLANG_CXX_LANGUAGE_STANDARD = "gnu++14";
				CLANG_CXX_LIBRARY = "libc++";
				CLANG_ENABLE_MODULES = YES;
				CLANG_ENABLE_OBJC_ARC = YES;
				CLANG_ENABLE_OBJC_WEAK = YES;
				CLANG_WARN_BLOCK_CAPTURE_AUTORELEASING = YES;
				CLANG_WARN_BOOL_CONVERSION = YES;
				CLANG_WARN_COMMA = YES;
				CLANG_WARN_CONSTANT_CONVERSION = YES;
				CLANG_WARN_DEPRECATED_OBJC_IMPLEMENTATIONS = YES;
				CLANG_WARN_DIRECT_OBJC_ISA_USAGE = YES_ERROR;
				CLANG_WARN_DOCUMENTATION_COMMENTS = YES;
				CLANG_WARN_EMPTY_BODY = YES;
				CLANG_WARN_ENUM_CONVERSION = YES;
				CLANG_WARN_INFINITE_RECURSION = YES;
				CLANG_WARN_INT_CONVERSION = YES;
				CLANG_WARN_NON_LITERAL_NULL_CONVERSION = YES;
				CLANG_WARN_OBJC_IMPLICIT_RETAIN_SELF = YES;
				CLANG_WARN_OBJC_LITERAL_CONVERSION = YES;
				CLANG_WARN_OBJC_ROOT_CLASS = YES_ERROR;
				CLANG_WARN_RANGE_LOOP_ANALYSIS = YES;
				CLANG_WARN_STRICT_PROTOTYPES = YES;
				CLANG_WARN_SUSPICIOUS_MOVE = YES;
				CLANG_WARN_UNGUARDED_AVAILABILITY = YES_AGGRESSIVE;
				CLANG_WARN_UNREACHABLE_CODE = YES;
				CLANG_WARN__DUPLICATE_METHOD_MATCH = YES;
				CODE_SIGN_IDENTITY = "iPhone Developer";
				COPY_PHASE_STRIP = NO;
				DEBUG_INFORMATION_FORMAT = dwarf;
				ENABLE_STRICT_OBJC_MSGSEND = YES;
				ENABLE_TESTABILITY = YES;
				GCC_C_LANGUAGE_STANDARD = gnu11;
				GCC_DYNAMIC_NO_PIC = NO;
				GCC_NO_COMMON_BLOCKS = YES;
				GCC_OPTIMIZATION_LEVEL = 0;
				GCC_PREPROCESSOR_DEFINITIONS = (
					"DEBUG=1",
					"$(inherited)",
				);
				GCC_WARN_64_TO_32_BIT_CONVERSION = YES;
				GCC_WARN_ABOUT_RETURN_TYPE = YES_ERROR;
				GCC_WARN_UNDECLARED_SELECTOR = YES;
				GCC_WARN_UNINITIALIZED_AUTOS = YES_AGGRESSIVE;
				GCC_WARN_UNUSED_FUNCTION = YES;
				GCC_WARN_UNUSED_VARIABLE = YES;
				IPHONEOS_DEPLOYMENT_TARGET = 12.1;
				MTL_ENABLE_DEBUG_INFO = INCLUDE_SOURCE;
				MTL_FAST_MATH = YES;
				ONLY_ACTIVE_ARCH = YES;
				SDKROOT = iphoneos;
				SWIFT_ACTIVE_COMPILATION_CONDITIONS = DEBUG;
				SWIFT_OPTIMIZATION_LEVEL = "-Onone";
			};
			name = Debug;
		};
		663CBBF821E451E500572FFC /* Release */ = {
			isa = XCBuildConfiguration;
			buildSettings = {
				ALWAYS_SEARCH_USER_PATHS = NO;
				CLANG_ANALYZER_NONNULL = YES;
				CLANG_ANALYZER_NUMBER_OBJECT_CONVERSION = YES_AGGRESSIVE;
				CLANG_CXX_LANGUAGE_STANDARD = "gnu++14";
				CLANG_CXX_LIBRARY = "libc++";
				CLANG_ENABLE_MODULES = YES;
				CLANG_ENABLE_OBJC_ARC = YES;
				CLANG_ENABLE_OBJC_WEAK = YES;
				CLANG_WARN_BLOCK_CAPTURE_AUTORELEASING = YES;
				CLANG_WARN_BOOL_CONVERSION = YES;
				CLANG_WARN_COMMA = YES;
				CLANG_WARN_CONSTANT_CONVERSION = YES;
				CLANG_WARN_DEPRECATED_OBJC_IMPLEMENTATIONS = YES;
				CLANG_WARN_DIRECT_OBJC_ISA_USAGE = YES_ERROR;
				CLANG_WARN_DOCUMENTATION_COMMENTS = YES;
				CLANG_WARN_EMPTY_BODY = YES;
				CLANG_WARN_ENUM_CONVERSION = YES;
				CLANG_WARN_INFINITE_RECURSION = YES;
				CLANG_WARN_INT_CONVERSION = YES;
				CLANG_WARN_NON_LITERAL_NULL_CONVERSION = YES;
				CLANG_WARN_OBJC_IMPLICIT_RETAIN_SELF = YES;
				CLANG_WARN_OBJC_LITERAL_CONVERSION = YES;
				CLANG_WARN_OBJC_ROOT_CLASS = YES_ERROR;
				CLANG_WARN_RANGE_LOOP_ANALYSIS = YES;
				CLANG_WARN_STRICT_PROTOTYPES = YES;
				CLANG_WARN_SUSPICIOUS_MOVE = YES;
				CLANG_WARN_UNGUARDED_AVAILABILITY = YES_AGGRESSIVE;
				CLANG_WARN_UNREACHABLE_CODE = YES;
				CLANG_WARN__DUPLICATE_METHOD_MATCH = YES;
				CODE_SIGN_IDENTITY = "iPhone Developer";
				COPY_PHASE_STRIP = NO;
				DEBUG_INFORMATION_FORMAT = "dwarf-with-dsym";
				ENABLE_NS_ASSERTIONS = NO;
				ENABLE_STRICT_OBJC_MSGSEND = YES;
				GCC_C_LANGUAGE_STANDARD = gnu11;
				GCC_NO_COMMON_BLOCKS = YES;
				GCC_WARN_64_TO_32_BIT_CONVERSION = YES;
				GCC_WARN_ABOUT_RETURN_TYPE = YES_ERROR;
				GCC_WARN_UNDECLARED_SELECTOR = YES;
				GCC_WARN_UNINITIALIZED_AUTOS = YES_AGGRESSIVE;
				GCC_WARN_UNUSED_FUNCTION = YES;
				GCC_WARN_UNUSED_VARIABLE = YES;
				IPHONEOS_DEPLOYMENT_TARGET = 12.1;
				MTL_ENABLE_DEBUG_INFO = NO;
				MTL_FAST_MATH = YES;
				SDKROOT = iphoneos;
				SWIFT_COMPILATION_MODE = wholemodule;
				SWIFT_OPTIMIZATION_LEVEL = "-O";
				VALIDATE_PRODUCT = YES;
			};
			name = Release;
		};
		663CBBFA21E451E500572FFC /* Debug */ = {
			isa = XCBuildConfiguration;
			baseConfigurationReference = 013BB0A6A2039AB2ED724247 /* Pods-Final Challenge.debug.xcconfig */;
			buildSettings = {
				ASSETCATALOG_COMPILER_APPICON_NAME = AppIcon;
				CODE_SIGN_STYLE = Automatic;
				DEVELOPMENT_TEAM = 3ZHR6JDHY4;
				INFOPLIST_FILE = "Final Challenge/Info.plist";
				LD_RUNPATH_SEARCH_PATHS = (
					"$(inherited)",
					"@executable_path/Frameworks",
				);
				PRODUCT_BUNDLE_IDENTIFIER = "calonFacil.Final-Challenge";
				PRODUCT_NAME = "$(TARGET_NAME)";
				SWIFT_VERSION = 4.2;
				TARGETED_DEVICE_FAMILY = "1,2";
			};
			name = Debug;
		};
		663CBBFB21E451E500572FFC /* Release */ = {
			isa = XCBuildConfiguration;
			baseConfigurationReference = 359B432ACDA4F0042D37E042 /* Pods-Final Challenge.release.xcconfig */;
			buildSettings = {
				ASSETCATALOG_COMPILER_APPICON_NAME = AppIcon;
				CODE_SIGN_STYLE = Automatic;
				DEVELOPMENT_TEAM = 3ZHR6JDHY4;
				INFOPLIST_FILE = "Final Challenge/Info.plist";
				LD_RUNPATH_SEARCH_PATHS = (
					"$(inherited)",
					"@executable_path/Frameworks",
				);
				PRODUCT_BUNDLE_IDENTIFIER = "calonFacil.Final-Challenge";
				PRODUCT_NAME = "$(TARGET_NAME)";
				SWIFT_VERSION = 4.2;
				TARGETED_DEVICE_FAMILY = "1,2";
			};
			name = Release;
		};
/* End XCBuildConfiguration section */

/* Begin XCConfigurationList section */
		663CBBDF21E451E300572FFC /* Build configuration list for PBXProject "Final Challenge" */ = {
			isa = XCConfigurationList;
			buildConfigurations = (
				663CBBF721E451E500572FFC /* Debug */,
				663CBBF821E451E500572FFC /* Release */,
			);
			defaultConfigurationIsVisible = 0;
			defaultConfigurationName = Release;
		};
		663CBBF921E451E500572FFC /* Build configuration list for PBXNativeTarget "Final Challenge" */ = {
			isa = XCConfigurationList;
			buildConfigurations = (
				663CBBFA21E451E500572FFC /* Debug */,
				663CBBFB21E451E500572FFC /* Release */,
			);
			defaultConfigurationIsVisible = 0;
			defaultConfigurationName = Release;
		};
/* End XCConfigurationList section */

/* Begin XCVersionGroup section */
		663CBBEE21E451E400572FFC /* Final_Challenge.xcdatamodeld */ = {
			isa = XCVersionGroup;
			children = (
				663CBBEF21E451E400572FFC /* Final_Challenge.xcdatamodel */,
			);
			currentVersion = 663CBBEF21E451E400572FFC /* Final_Challenge.xcdatamodel */;
			path = Final_Challenge.xcdatamodeld;
			sourceTree = "<group>";
			versionGroupType = wrapper.xcdatamodel;
		};
/* End XCVersionGroup section */
	};
	rootObject = 663CBBDC21E451E300572FFC /* Project object */;
}
