// !$*UTF8*$!
{
	archiveVersion = 1;
	classes = {
	};
	objectVersion = 50;
	objects = {

/* Begin PBXBuildFile section */
		4391CDE718C420FF2651BBA5 /* Pods_Final_Challenge.framework in Frameworks */ = {isa = PBXBuildFile; fileRef = 7173EE72361510184F29CE2C /* Pods_Final_Challenge.framework */; };
		660D72F321EDDFEE00453D83 /* ListAvoidTableViewCell.swift in Sources */ = {isa = PBXBuildFile; fileRef = 660D72F221EDDFEE00453D83 /* ListAvoidTableViewCell.swift */; };
		660D72F521EDDFF500453D83 /* AvoidedTableViewCell.swift in Sources */ = {isa = PBXBuildFile; fileRef = 660D72F421EDDFF500453D83 /* AvoidedTableViewCell.swift */; };
		660D72F721EDE00800453D83 /* ListAvoidCollectionViewCell.swift in Sources */ = {isa = PBXBuildFile; fileRef = 660D72F621EDE00800453D83 /* ListAvoidCollectionViewCell.swift */; };
		660D72F921EDE00F00453D83 /* AvoidedCollectionViewCell.swift in Sources */ = {isa = PBXBuildFile; fileRef = 660D72F821EDE00F00453D83 /* AvoidedCollectionViewCell.swift */; };
		6611207E21F055D7005403AF /* DropDownViewController.swift in Sources */ = {isa = PBXBuildFile; fileRef = 6611207C21F055D7005403AF /* DropDownViewController.swift */; };
		6611207F21F055D7005403AF /* DropDownViewController.xib in Resources */ = {isa = PBXBuildFile; fileRef = 6611207D21F055D7005403AF /* DropDownViewController.xib */; };
		6611208821F1ADC9005403AF /* DropDownHeaderViewController.swift in Sources */ = {isa = PBXBuildFile; fileRef = 6611208621F1ADC9005403AF /* DropDownHeaderViewController.swift */; };
		6611208921F1ADC9005403AF /* DropDownHeaderViewController.xib in Resources */ = {isa = PBXBuildFile; fileRef = 6611208721F1ADC9005403AF /* DropDownHeaderViewController.xib */; };
		6611208D21F1DE15005403AF /* SearchLocTableViewCell.swift in Sources */ = {isa = PBXBuildFile; fileRef = 6611208B21F1DE15005403AF /* SearchLocTableViewCell.swift */; };
		6611208E21F1DE15005403AF /* SearchLocTableViewCell.xib in Resources */ = {isa = PBXBuildFile; fileRef = 6611208C21F1DE15005403AF /* SearchLocTableViewCell.xib */; };
		6611209421F83B22005403AF /* HistoryViewController.swift in Sources */ = {isa = PBXBuildFile; fileRef = 6611209321F83B22005403AF /* HistoryViewController.swift */; };
		6611209621F83B98005403AF /* HistoryTableViewCell.swift in Sources */ = {isa = PBXBuildFile; fileRef = 6611209521F83B98005403AF /* HistoryTableViewCell.swift */; };
		6611209921F83D7E005403AF /* FoodReview.swift in Sources */ = {isa = PBXBuildFile; fileRef = 6611209821F83D7E005403AF /* FoodReview.swift */; };
		661ED7E82216A1F100D6A93F /* TasteLegendProfileCollectionViewCell.swift in Sources */ = {isa = PBXBuildFile; fileRef = 661ED7E72216A1F100D6A93F /* TasteLegendProfileCollectionViewCell.swift */; };
		6620EC1A21E5AE49009FDC04 /* ImageCameraTableViewCell.swift in Sources */ = {isa = PBXBuildFile; fileRef = 6620EC1921E5AE49009FDC04 /* ImageCameraTableViewCell.swift */; };
		6620EC2021E5AE7F009FDC04 /* SubmitTableViewCell.swift in Sources */ = {isa = PBXBuildFile; fileRef = 6620EC1F21E5AE7F009FDC04 /* SubmitTableViewCell.swift */; };
		6625BFA9220AAA9900A040C3 /* AllReviewTableViewCell.swift in Sources */ = {isa = PBXBuildFile; fileRef = 6625BFA8220AAA9900A040C3 /* AllReviewTableViewCell.swift */; };
		6625BFAB220AB01400A040C3 /* GiveReviewDescTableViewCell.swift in Sources */ = {isa = PBXBuildFile; fileRef = 6625BFAA220AB01400A040C3 /* GiveReviewDescTableViewCell.swift */; };
		6625BFAD220AB2D500A040C3 /* GiveReviewTasteTableViewCell.swift in Sources */ = {isa = PBXBuildFile; fileRef = 6625BFAC220AB2D500A040C3 /* GiveReviewTasteTableViewCell.swift */; };
		6625BFAF220ABD3E00A040C3 /* AddAlergenTableViewCell.swift in Sources */ = {isa = PBXBuildFile; fileRef = 6625BFAE220ABD3E00A040C3 /* AddAlergenTableViewCell.swift */; };
		663CBBE821E451E400572FFC /* AppDelegate.swift in Sources */ = {isa = PBXBuildFile; fileRef = 663CBBE721E451E400572FFC /* AppDelegate.swift */; };
		663CBBED21E451E400572FFC /* Main.storyboard in Resources */ = {isa = PBXBuildFile; fileRef = 663CBBEB21E451E400572FFC /* Main.storyboard */; };
		663CBBF021E451E400572FFC /* Final_Challenge.xcdatamodeld in Sources */ = {isa = PBXBuildFile; fileRef = 663CBBEE21E451E400572FFC /* Final_Challenge.xcdatamodeld */; };
		663CBBF221E451E500572FFC /* Assets.xcassets in Resources */ = {isa = PBXBuildFile; fileRef = 663CBBF121E451E500572FFC /* Assets.xcassets */; };
		663CBBF521E451E500572FFC /* LaunchScreen.storyboard in Resources */ = {isa = PBXBuildFile; fileRef = 663CBBF321E451E500572FFC /* LaunchScreen.storyboard */; };
		664059062213D4EB0084574A /* FoodLikeTableViewCell.swift in Sources */ = {isa = PBXBuildFile; fileRef = 664059052213D4EA0084574A /* FoodLikeTableViewCell.swift */; };
		664059082213D4F50084574A /* FoodNextActionTableViewCell.swift in Sources */ = {isa = PBXBuildFile; fileRef = 664059072213D4F50084574A /* FoodNextActionTableViewCell.swift */; };
		6640590C2215373A0084574A /* TasteLegendCollectionViewCell.swift in Sources */ = {isa = PBXBuildFile; fileRef = 6640590B2215373A0084574A /* TasteLegendCollectionViewCell.swift */; };
		6653E98A2205D959009D6BE6 /* RecommendedFoodViewController.swift in Sources */ = {isa = PBXBuildFile; fileRef = 6653E9892205D959009D6BE6 /* RecommendedFoodViewController.swift */; };
		6653E98C2205D964009D6BE6 /* SeeAllReviewViewController.swift in Sources */ = {isa = PBXBuildFile; fileRef = 6653E98B2205D964009D6BE6 /* SeeAllReviewViewController.swift */; };
		66763D7321E8778200368E6E /* FoodLikeViewController.swift in Sources */ = {isa = PBXBuildFile; fileRef = 66763D7221E8778200368E6E /* FoodLikeViewController.swift */; };
		66763D7521E8778C00368E6E /* TasteDislikeViewController.swift in Sources */ = {isa = PBXBuildFile; fileRef = 66763D7421E8778C00368E6E /* TasteDislikeViewController.swift */; };
		66763D7721E8779500368E6E /* FoodAvoidViewController.swift in Sources */ = {isa = PBXBuildFile; fileRef = 66763D7621E8779500368E6E /* FoodAvoidViewController.swift */; };
		66763D7921E877A300368E6E /* DoneTestViewController.swift in Sources */ = {isa = PBXBuildFile; fileRef = 66763D7821E877A300368E6E /* DoneTestViewController.swift */; };
		66763D7B21E877A900368E6E /* SummaryViewController.swift in Sources */ = {isa = PBXBuildFile; fileRef = 66763D7A21E877A900368E6E /* SummaryViewController.swift */; };
		66763D7E21E8794100368E6E /* FoodsTableViewCell.swift in Sources */ = {isa = PBXBuildFile; fileRef = 66763D7D21E8794100368E6E /* FoodsTableViewCell.swift */; };
		66763D8021E8794900368E6E /* FoodsLikeTableViewCell.swift in Sources */ = {isa = PBXBuildFile; fileRef = 66763D7F21E8794900368E6E /* FoodsLikeTableViewCell.swift */; };
		66763D8221E87B9800368E6E /* FoodCollectionViewCell.swift in Sources */ = {isa = PBXBuildFile; fileRef = 66763D8121E87B9800368E6E /* FoodCollectionViewCell.swift */; };
		66763D8421E87BA300368E6E /* FoodLikeCollectionViewCell.swift in Sources */ = {isa = PBXBuildFile; fileRef = 66763D8321E87BA300368E6E /* FoodLikeCollectionViewCell.swift */; };
		6688AC8C22154F5D0002D315 /* ProfileEditNameViewController.swift in Sources */ = {isa = PBXBuildFile; fileRef = 6688AC8B22154F5D0002D315 /* ProfileEditNameViewController.swift */; };
		6688AC8E22154F650002D315 /* ProfileEditPasswordViewController.swift in Sources */ = {isa = PBXBuildFile; fileRef = 6688AC8D22154F650002D315 /* ProfileEditPasswordViewController.swift */; };
		66A221A1220062A40027AA59 /* NavBarViewController.swift in Sources */ = {isa = PBXBuildFile; fileRef = 66A221A0220062A40027AA59 /* NavBarViewController.swift */; };
		66A52FF5222692B50003A0E4 /* TPReview.swift in Sources */ = {isa = PBXBuildFile; fileRef = 66A52FF4222692B50003A0E4 /* TPReview.swift */; };
		66A52FF72226971E0003A0E4 /* TastePalDataManager.swift in Sources */ = {isa = PBXBuildFile; fileRef = 66A52FF62226971E0003A0E4 /* TastePalDataManager.swift */; };
		66A52FFA2227E3710003A0E4 /* PostReviewModel.swift in Sources */ = {isa = PBXBuildFile; fileRef = 66A52FF92227E3710003A0E4 /* PostReviewModel.swift */; };
		66A52FFC222CECAE0003A0E4 /* NewGuestModel.swift in Sources */ = {isa = PBXBuildFile; fileRef = 66A52FFB222CECAE0003A0E4 /* NewGuestModel.swift */; };
		66A52FFE222CF0240003A0E4 /* ResultModel.swift in Sources */ = {isa = PBXBuildFile; fileRef = 66A52FFD222CF0230003A0E4 /* ResultModel.swift */; };
		66A53000222CF3E40003A0E4 /* AteFoodModel.swift in Sources */ = {isa = PBXBuildFile; fileRef = 66A52FFF222CF3E40003A0E4 /* AteFoodModel.swift */; };
		66A53002222CF5770003A0E4 /* UpdateReviewModel.swift in Sources */ = {isa = PBXBuildFile; fileRef = 66A53001222CF5770003A0E4 /* UpdateReviewModel.swift */; };
		66B1411721FED3DB0013C5E7 /* LocationFOTableViewCell.swift in Sources */ = {isa = PBXBuildFile; fileRef = 66B1411621FED3DB0013C5E7 /* LocationFOTableViewCell.swift */; };
		66B1411921FED3FD0013C5E7 /* SearchFOTableViewCell.swift in Sources */ = {isa = PBXBuildFile; fileRef = 66B1411821FED3FD0013C5E7 /* SearchFOTableViewCell.swift */; };
		66B1411B21FED4290013C5E7 /* TastePreferenceFOTableViewCell.swift in Sources */ = {isa = PBXBuildFile; fileRef = 66B1411A21FED4290013C5E7 /* TastePreferenceFOTableViewCell.swift */; };
		66B1411D21FED4310013C5E7 /* FoodMightLikeFOTableViewCell.swift in Sources */ = {isa = PBXBuildFile; fileRef = 66B1411C21FED4310013C5E7 /* FoodMightLikeFOTableViewCell.swift */; };
		66B1411F21FEE3270013C5E7 /* TastePreference.swift in Sources */ = {isa = PBXBuildFile; fileRef = 66B1411E21FEE3270013C5E7 /* TastePreference.swift */; };
		66B1412122004E210013C5E7 /* FoodMightLikeFOCollectionViewCell.swift in Sources */ = {isa = PBXBuildFile; fileRef = 66B1412022004E210013C5E7 /* FoodMightLikeFOCollectionViewCell.swift */; };
		66B1412522005ACD0013C5E7 /* TabBarViewController.swift in Sources */ = {isa = PBXBuildFile; fileRef = 66B1412422005ACD0013C5E7 /* TabBarViewController.swift */; };
		66B737C621E4650B000C9B50 /* LoginVerification.storyboard in Resources */ = {isa = PBXBuildFile; fileRef = 66B737C521E4650B000C9B50 /* LoginVerification.storyboard */; };
		66B737C821E46577000C9B50 /* LoginViewController.swift in Sources */ = {isa = PBXBuildFile; fileRef = 66B737C721E46577000C9B50 /* LoginViewController.swift */; };
		66B737CC21E46B5B000C9B50 /* ScanViewController.swift in Sources */ = {isa = PBXBuildFile; fileRef = 66B737CB21E46B5B000C9B50 /* ScanViewController.swift */; };
		66B737CE21E46B64000C9B50 /* ResultViewController.swift in Sources */ = {isa = PBXBuildFile; fileRef = 66B737CD21E46B64000C9B50 /* ResultViewController.swift */; };
		66B737D021E46B72000C9B50 /* GiveReviewViewController.swift in Sources */ = {isa = PBXBuildFile; fileRef = 66B737CF21E46B72000C9B50 /* GiveReviewViewController.swift */; };
		66B737D321E46C10000C9B50 /* ProfileViewController.swift in Sources */ = {isa = PBXBuildFile; fileRef = 66B737D221E46C10000C9B50 /* ProfileViewController.swift */; };
		66B737DB21E46C9E000C9B50 /* SignUpViewController.swift in Sources */ = {isa = PBXBuildFile; fileRef = 66B737DA21E46C9E000C9B50 /* SignUpViewController.swift */; };
		66B737DE21E46DFD000C9B50 /* ResultPhotoTableViewCell.swift in Sources */ = {isa = PBXBuildFile; fileRef = 66B737DD21E46DFD000C9B50 /* ResultPhotoTableViewCell.swift */; };
		66B737E021E4700E000C9B50 /* ResultActionButtonTableViewCell.swift in Sources */ = {isa = PBXBuildFile; fileRef = 66B737DF21E4700E000C9B50 /* ResultActionButtonTableViewCell.swift */; };
		66B737E221E47020000C9B50 /* ResultInformationTableViewCell.swift in Sources */ = {isa = PBXBuildFile; fileRef = 66B737E121E47020000C9B50 /* ResultInformationTableViewCell.swift */; };
		66B737E421E47033000C9B50 /* ResultPredictionTableViewCell.swift in Sources */ = {isa = PBXBuildFile; fileRef = 66B737E321E47033000C9B50 /* ResultPredictionTableViewCell.swift */; };
		66B737E621E47044000C9B50 /* ResultSimilarTableViewCell.swift in Sources */ = {isa = PBXBuildFile; fileRef = 66B737E521E47044000C9B50 /* ResultSimilarTableViewCell.swift */; };
		66C64B7522168B9200B6BB60 /* ProfileEditingTableViewCell.swift in Sources */ = {isa = PBXBuildFile; fileRef = 66C64B7322168B9200B6BB60 /* ProfileEditingTableViewCell.swift */; };
		66C64B7622168B9200B6BB60 /* ProfileEditingTableViewCell.xib in Resources */ = {isa = PBXBuildFile; fileRef = 66C64B7422168B9200B6BB60 /* ProfileEditingTableViewCell.xib */; };
		66DB37E321FEC50D00A695E8 /* FindOutViewController.swift in Sources */ = {isa = PBXBuildFile; fileRef = 66DB37E221FEC50D00A695E8 /* FindOutViewController.swift */; };
		66E1436C221A932F00994540 /* TastePalAPI.swift in Sources */ = {isa = PBXBuildFile; fileRef = 66E1436B221A932F00994540 /* TastePalAPI.swift */; };
		66E1436E221A934D00994540 /* TastePalAlert.swift in Sources */ = {isa = PBXBuildFile; fileRef = 66E1436D221A934D00994540 /* TastePalAlert.swift */; };
		66E14370221A93B600994540 /* TastePalRequest.swift in Sources */ = {isa = PBXBuildFile; fileRef = 66E1436F221A93B600994540 /* TastePalRequest.swift */; };
		66E14372221A941E00994540 /* TastePalUrl.swift in Sources */ = {isa = PBXBuildFile; fileRef = 66E14371221A941E00994540 /* TastePalUrl.swift */; };
		66E4617C21F98AFC0084F7A5 /* BasicTaste.swift in Sources */ = {isa = PBXBuildFile; fileRef = 66E4617B21F98AFC0084F7A5 /* BasicTaste.swift */; };
		66E4617E21F98F750084F7A5 /* ReviewBasicTasteCollectionViewCell.swift in Sources */ = {isa = PBXBuildFile; fileRef = 66E4617D21F98F750084F7A5 /* ReviewBasicTasteCollectionViewCell.swift */; };
		66EE05152201B07A00FD770D /* RecommendFoodCollectionViewCell.swift in Sources */ = {isa = PBXBuildFile; fileRef = 66EE05142201B07A00FD770D /* RecommendFoodCollectionViewCell.swift */; };
		66EE05172202C45200FD770D /* FavoriteFoodCollectionViewCell.swift in Sources */ = {isa = PBXBuildFile; fileRef = 66EE05162202C45200FD770D /* FavoriteFoodCollectionViewCell.swift */; };
		66EE05192202CF5B00FD770D /* ResultReviewTableViewCell.swift in Sources */ = {isa = PBXBuildFile; fileRef = 66EE05182202CF5B00FD770D /* ResultReviewTableViewCell.swift */; };
		66EE051B2202DD9700FD770D /* FavoriteFoodViewController.swift in Sources */ = {isa = PBXBuildFile; fileRef = 66EE051A2202DD9700FD770D /* FavoriteFoodViewController.swift */; };
		66EE05232203414400FD770D /* FoodMightLikeViewController.swift in Sources */ = {isa = PBXBuildFile; fileRef = 66EE05222203414400FD770D /* FoodMightLikeViewController.swift */; };
		66EE05262203576D00FD770D /* EditProfileInfoTableViewCell.swift in Sources */ = {isa = PBXBuildFile; fileRef = 66EE05252203576D00FD770D /* EditProfileInfoTableViewCell.swift */; };
		CA7D005E220054760090C8B3 /* FoodRecommendationTableViewCell.swift in Sources */ = {isa = PBXBuildFile; fileRef = CA7D005D220054760090C8B3 /* FoodRecommendationTableViewCell.swift */; };
		CA7D0060220055150090C8B3 /* FoodInformationTableViewCell.swift in Sources */ = {isa = PBXBuildFile; fileRef = CA7D005F220055150090C8B3 /* FoodInformationTableViewCell.swift */; };
		CAC3D53521F9AA0B002CF4D9 /* EditProfileViewController.swift in Sources */ = {isa = PBXBuildFile; fileRef = CAC3D53421F9AA0B002CF4D9 /* EditProfileViewController.swift */; };
		CAC3D53721F9AB7E002CF4D9 /* ProfileHeaderTableViewCell.swift in Sources */ = {isa = PBXBuildFile; fileRef = CAC3D53621F9AB7E002CF4D9 /* ProfileHeaderTableViewCell.swift */; };
		CAC3D53921F9AE77002CF4D9 /* TastePreferenceTableViewCell.swift in Sources */ = {isa = PBXBuildFile; fileRef = CAC3D53821F9AE77002CF4D9 /* TastePreferenceTableViewCell.swift */; };
		CAC3D53D21F9B0E1002CF4D9 /* FavoriteFoodTableViewCell.swift in Sources */ = {isa = PBXBuildFile; fileRef = CAC3D53C21F9B0E1002CF4D9 /* FavoriteFoodTableViewCell.swift */; };
		CAFFD6F521E478EE00147751 /* IntroductionViewController.swift in Sources */ = {isa = PBXBuildFile; fileRef = CAFFD6F421E478EE00147751 /* IntroductionViewController.swift */; };
		CAFFD6F721E479AE00147751 /* GoogleService-Info.plist in Resources */ = {isa = PBXBuildFile; fileRef = CAFFD6F621E479AE00147751 /* GoogleService-Info.plist */; };
		CAFFD6F921EF2B2100147751 /* TastePalData.swift in Sources */ = {isa = PBXBuildFile; fileRef = CAFFD6F821EF2B2100147751 /* TastePalData.swift */; };
		CD20EB6D21FECC4500F147B2 /* AlergicSelectedTableViewCell.swift in Sources */ = {isa = PBXBuildFile; fileRef = CD20EB6B21FECC4500F147B2 /* AlergicSelectedTableViewCell.swift */; };
		CD20EB6E21FECC4500F147B2 /* AlergicFoodViewController.swift in Sources */ = {isa = PBXBuildFile; fileRef = CD20EB6C21FECC4500F147B2 /* AlergicFoodViewController.swift */; };
		CD30B9CB21F8683000E43DAB /* FoodPreference.swift in Sources */ = {isa = PBXBuildFile; fileRef = CD30B9CA21F8683000E43DAB /* FoodPreference.swift */; };
		CD30B9CD21F86B9B00E43DAB /* FoodNever.swift in Sources */ = {isa = PBXBuildFile; fileRef = CD30B9CC21F86B9B00E43DAB /* FoodNever.swift */; };
		CD51B01121FF05410084812E /* AddFoodTableViewCell.swift in Sources */ = {isa = PBXBuildFile; fileRef = CD51B00F21FF05410084812E /* AddFoodTableViewCell.swift */; };
		CD51B01221FF05410084812E /* AddFoodTableViewCell.xib in Resources */ = {isa = PBXBuildFile; fileRef = CD51B01021FF05410084812E /* AddFoodTableViewCell.xib */; };
		CD926E2B22142FA200A5FAC6 /* FoodSearchTableViewCell.swift in Sources */ = {isa = PBXBuildFile; fileRef = CD926E2A22142FA200A5FAC6 /* FoodSearchTableViewCell.swift */; };
		CDBAD5FD21F8396300017B9F /* TastePreferenceTestV2.storyboard in Resources */ = {isa = PBXBuildFile; fileRef = CDBAD5FC21F8396300017B9F /* TastePreferenceTestV2.storyboard */; };
		CDBAD60221F83DF800017B9F /* FoodKindViewController.swift in Sources */ = {isa = PBXBuildFile; fileRef = CDBAD60121F83DF800017B9F /* FoodKindViewController.swift */; };
		CDBAD60821F83F7000017B9F /* FoodKindCollectionViewCell.swift in Sources */ = {isa = PBXBuildFile; fileRef = CDBAD60721F83F7000017B9F /* FoodKindCollectionViewCell.swift */; };
		CDBAD60B21F8614C00017B9F /* NeverEatCollectionViewCell.swift in Sources */ = {isa = PBXBuildFile; fileRef = CDBAD60A21F8614C00017B9F /* NeverEatCollectionViewCell.swift */; };
		CDBAD60D21F8615D00017B9F /* NeverEatViewController.swift in Sources */ = {isa = PBXBuildFile; fileRef = CDBAD60C21F8615D00017B9F /* NeverEatViewController.swift */; };
		CDC76855220AF9A800DDED86 /* RemoveDuplicate.swift in Sources */ = {isa = PBXBuildFile; fileRef = CDC76854220AF9A800DDED86 /* RemoveDuplicate.swift */; };
		CDC932F9220036CB00B3F33A /* AddFoodViewController.swift in Sources */ = {isa = PBXBuildFile; fileRef = CDC932F8220036CB00B3F33A /* AddFoodViewController.swift */; };
		CDC932FB22004C5E00B3F33A /* SearchedFoodTableViewCell.swift in Sources */ = {isa = PBXBuildFile; fileRef = CDC932FA22004C5E00B3F33A /* SearchedFoodTableViewCell.swift */; };
		CDE4B3AE21F1B6F200DFDE2D /*  CIImagetoCGImage.swift in Sources */ = {isa = PBXBuildFile; fileRef = CDE4B3AD21F1B6F200DFDE2D /*  CIImagetoCGImage.swift */; };
		CDE8CAD7221C0D6B007BAA23 /* RestorantTableViewCell.swift in Sources */ = {isa = PBXBuildFile; fileRef = CDE8CAD6221C0D6B007BAA23 /* RestorantTableViewCell.swift */; };
/* End PBXBuildFile section */

/* Begin PBXFileReference section */
		013BB0A6A2039AB2ED724247 /* Pods-Final Challenge.debug.xcconfig */ = {isa = PBXFileReference; includeInIndex = 1; lastKnownFileType = text.xcconfig; name = "Pods-Final Challenge.debug.xcconfig"; path = "Pods/Target Support Files/Pods-Final Challenge/Pods-Final Challenge.debug.xcconfig"; sourceTree = "<group>"; };
		359B432ACDA4F0042D37E042 /* Pods-Final Challenge.release.xcconfig */ = {isa = PBXFileReference; includeInIndex = 1; lastKnownFileType = text.xcconfig; name = "Pods-Final Challenge.release.xcconfig"; path = "Pods/Target Support Files/Pods-Final Challenge/Pods-Final Challenge.release.xcconfig"; sourceTree = "<group>"; };
		660D72F221EDDFEE00453D83 /* ListAvoidTableViewCell.swift */ = {isa = PBXFileReference; lastKnownFileType = sourcecode.swift; path = ListAvoidTableViewCell.swift; sourceTree = "<group>"; };
		660D72F421EDDFF500453D83 /* AvoidedTableViewCell.swift */ = {isa = PBXFileReference; lastKnownFileType = sourcecode.swift; path = AvoidedTableViewCell.swift; sourceTree = "<group>"; };
		660D72F621EDE00800453D83 /* ListAvoidCollectionViewCell.swift */ = {isa = PBXFileReference; lastKnownFileType = sourcecode.swift; path = ListAvoidCollectionViewCell.swift; sourceTree = "<group>"; };
		660D72F821EDE00F00453D83 /* AvoidedCollectionViewCell.swift */ = {isa = PBXFileReference; lastKnownFileType = sourcecode.swift; path = AvoidedCollectionViewCell.swift; sourceTree = "<group>"; };
		6611207C21F055D7005403AF /* DropDownViewController.swift */ = {isa = PBXFileReference; lastKnownFileType = sourcecode.swift; path = DropDownViewController.swift; sourceTree = "<group>"; };
		6611207D21F055D7005403AF /* DropDownViewController.xib */ = {isa = PBXFileReference; lastKnownFileType = file.xib; path = DropDownViewController.xib; sourceTree = "<group>"; };
		6611208621F1ADC9005403AF /* DropDownHeaderViewController.swift */ = {isa = PBXFileReference; lastKnownFileType = sourcecode.swift; path = DropDownHeaderViewController.swift; sourceTree = "<group>"; };
		6611208721F1ADC9005403AF /* DropDownHeaderViewController.xib */ = {isa = PBXFileReference; lastKnownFileType = file.xib; path = DropDownHeaderViewController.xib; sourceTree = "<group>"; };
		6611208B21F1DE15005403AF /* SearchLocTableViewCell.swift */ = {isa = PBXFileReference; lastKnownFileType = sourcecode.swift; path = SearchLocTableViewCell.swift; sourceTree = "<group>"; };
		6611208C21F1DE15005403AF /* SearchLocTableViewCell.xib */ = {isa = PBXFileReference; lastKnownFileType = file.xib; path = SearchLocTableViewCell.xib; sourceTree = "<group>"; };
		6611209321F83B22005403AF /* HistoryViewController.swift */ = {isa = PBXFileReference; lastKnownFileType = sourcecode.swift; path = HistoryViewController.swift; sourceTree = "<group>"; };
		6611209521F83B98005403AF /* HistoryTableViewCell.swift */ = {isa = PBXFileReference; lastKnownFileType = sourcecode.swift; path = HistoryTableViewCell.swift; sourceTree = "<group>"; };
		6611209821F83D7E005403AF /* FoodReview.swift */ = {isa = PBXFileReference; lastKnownFileType = sourcecode.swift; path = FoodReview.swift; sourceTree = "<group>"; };
		661ED7E72216A1F100D6A93F /* TasteLegendProfileCollectionViewCell.swift */ = {isa = PBXFileReference; lastKnownFileType = sourcecode.swift; path = TasteLegendProfileCollectionViewCell.swift; sourceTree = "<group>"; };
		6620EC1921E5AE49009FDC04 /* ImageCameraTableViewCell.swift */ = {isa = PBXFileReference; lastKnownFileType = sourcecode.swift; path = ImageCameraTableViewCell.swift; sourceTree = "<group>"; };
		6620EC1F21E5AE7F009FDC04 /* SubmitTableViewCell.swift */ = {isa = PBXFileReference; lastKnownFileType = sourcecode.swift; path = SubmitTableViewCell.swift; sourceTree = "<group>"; };
		6625BFA8220AAA9900A040C3 /* AllReviewTableViewCell.swift */ = {isa = PBXFileReference; lastKnownFileType = sourcecode.swift; path = AllReviewTableViewCell.swift; sourceTree = "<group>"; };
		6625BFAA220AB01400A040C3 /* GiveReviewDescTableViewCell.swift */ = {isa = PBXFileReference; lastKnownFileType = sourcecode.swift; path = GiveReviewDescTableViewCell.swift; sourceTree = "<group>"; };
		6625BFAC220AB2D500A040C3 /* GiveReviewTasteTableViewCell.swift */ = {isa = PBXFileReference; lastKnownFileType = sourcecode.swift; path = GiveReviewTasteTableViewCell.swift; sourceTree = "<group>"; };
		6625BFAE220ABD3E00A040C3 /* AddAlergenTableViewCell.swift */ = {isa = PBXFileReference; lastKnownFileType = sourcecode.swift; path = AddAlergenTableViewCell.swift; sourceTree = "<group>"; };
		663CBBE421E451E400572FFC /* Final Challenge.app */ = {isa = PBXFileReference; explicitFileType = wrapper.application; includeInIndex = 0; path = "Final Challenge.app"; sourceTree = BUILT_PRODUCTS_DIR; };
		663CBBE721E451E400572FFC /* AppDelegate.swift */ = {isa = PBXFileReference; lastKnownFileType = sourcecode.swift; path = AppDelegate.swift; sourceTree = "<group>"; };
		663CBBEC21E451E400572FFC /* Base */ = {isa = PBXFileReference; lastKnownFileType = file.storyboard; name = Base; path = Base.lproj/Main.storyboard; sourceTree = "<group>"; };
		663CBBEF21E451E400572FFC /* Final_Challenge.xcdatamodel */ = {isa = PBXFileReference; lastKnownFileType = wrapper.xcdatamodel; path = Final_Challenge.xcdatamodel; sourceTree = "<group>"; };
		663CBBF121E451E500572FFC /* Assets.xcassets */ = {isa = PBXFileReference; lastKnownFileType = folder.assetcatalog; path = Assets.xcassets; sourceTree = "<group>"; };
		663CBBF421E451E500572FFC /* Base */ = {isa = PBXFileReference; lastKnownFileType = file.storyboard; name = Base; path = Base.lproj/LaunchScreen.storyboard; sourceTree = "<group>"; };
		663CBBF621E451E500572FFC /* Info.plist */ = {isa = PBXFileReference; lastKnownFileType = text.plist.xml; path = Info.plist; sourceTree = "<group>"; };
		664059052213D4EA0084574A /* FoodLikeTableViewCell.swift */ = {isa = PBXFileReference; lastKnownFileType = sourcecode.swift; path = FoodLikeTableViewCell.swift; sourceTree = "<group>"; };
		664059072213D4F50084574A /* FoodNextActionTableViewCell.swift */ = {isa = PBXFileReference; lastKnownFileType = sourcecode.swift; path = FoodNextActionTableViewCell.swift; sourceTree = "<group>"; };
		6640590B2215373A0084574A /* TasteLegendCollectionViewCell.swift */ = {isa = PBXFileReference; lastKnownFileType = sourcecode.swift; path = TasteLegendCollectionViewCell.swift; sourceTree = "<group>"; };
		6653E9892205D959009D6BE6 /* RecommendedFoodViewController.swift */ = {isa = PBXFileReference; lastKnownFileType = sourcecode.swift; path = RecommendedFoodViewController.swift; sourceTree = "<group>"; };
		6653E98B2205D964009D6BE6 /* SeeAllReviewViewController.swift */ = {isa = PBXFileReference; lastKnownFileType = sourcecode.swift; path = SeeAllReviewViewController.swift; sourceTree = "<group>"; };
		66763D7221E8778200368E6E /* FoodLikeViewController.swift */ = {isa = PBXFileReference; lastKnownFileType = sourcecode.swift; path = FoodLikeViewController.swift; sourceTree = "<group>"; };
		66763D7421E8778C00368E6E /* TasteDislikeViewController.swift */ = {isa = PBXFileReference; lastKnownFileType = sourcecode.swift; path = TasteDislikeViewController.swift; sourceTree = "<group>"; };
		66763D7621E8779500368E6E /* FoodAvoidViewController.swift */ = {isa = PBXFileReference; lastKnownFileType = sourcecode.swift; path = FoodAvoidViewController.swift; sourceTree = "<group>"; };
		66763D7821E877A300368E6E /* DoneTestViewController.swift */ = {isa = PBXFileReference; lastKnownFileType = sourcecode.swift; path = DoneTestViewController.swift; sourceTree = "<group>"; };
		66763D7A21E877A900368E6E /* SummaryViewController.swift */ = {isa = PBXFileReference; lastKnownFileType = sourcecode.swift; path = SummaryViewController.swift; sourceTree = "<group>"; };
		66763D7D21E8794100368E6E /* FoodsTableViewCell.swift */ = {isa = PBXFileReference; lastKnownFileType = sourcecode.swift; path = FoodsTableViewCell.swift; sourceTree = "<group>"; };
		66763D7F21E8794900368E6E /* FoodsLikeTableViewCell.swift */ = {isa = PBXFileReference; lastKnownFileType = sourcecode.swift; path = FoodsLikeTableViewCell.swift; sourceTree = "<group>"; };
		66763D8121E87B9800368E6E /* FoodCollectionViewCell.swift */ = {isa = PBXFileReference; lastKnownFileType = sourcecode.swift; path = FoodCollectionViewCell.swift; sourceTree = "<group>"; };
		66763D8321E87BA300368E6E /* FoodLikeCollectionViewCell.swift */ = {isa = PBXFileReference; lastKnownFileType = sourcecode.swift; path = FoodLikeCollectionViewCell.swift; sourceTree = "<group>"; };
		6688AC8B22154F5D0002D315 /* ProfileEditNameViewController.swift */ = {isa = PBXFileReference; lastKnownFileType = sourcecode.swift; path = ProfileEditNameViewController.swift; sourceTree = "<group>"; };
		6688AC8D22154F650002D315 /* ProfileEditPasswordViewController.swift */ = {isa = PBXFileReference; lastKnownFileType = sourcecode.swift; path = ProfileEditPasswordViewController.swift; sourceTree = "<group>"; };
		66A221A0220062A40027AA59 /* NavBarViewController.swift */ = {isa = PBXFileReference; lastKnownFileType = sourcecode.swift; path = NavBarViewController.swift; sourceTree = "<group>"; };
		66A52FF4222692B50003A0E4 /* TPReview.swift */ = {isa = PBXFileReference; lastKnownFileType = sourcecode.swift; path = TPReview.swift; sourceTree = "<group>"; };
		66A52FF62226971E0003A0E4 /* TastePalDataManager.swift */ = {isa = PBXFileReference; lastKnownFileType = sourcecode.swift; path = TastePalDataManager.swift; sourceTree = "<group>"; };
		66A52FF92227E3710003A0E4 /* PostReviewModel.swift */ = {isa = PBXFileReference; lastKnownFileType = sourcecode.swift; path = PostReviewModel.swift; sourceTree = "<group>"; };
		66A52FFB222CECAE0003A0E4 /* NewGuestModel.swift */ = {isa = PBXFileReference; lastKnownFileType = sourcecode.swift; path = NewGuestModel.swift; sourceTree = "<group>"; };
		66A52FFD222CF0230003A0E4 /* ResultModel.swift */ = {isa = PBXFileReference; lastKnownFileType = sourcecode.swift; path = ResultModel.swift; sourceTree = "<group>"; };
		66A52FFF222CF3E40003A0E4 /* AteFoodModel.swift */ = {isa = PBXFileReference; lastKnownFileType = sourcecode.swift; path = AteFoodModel.swift; sourceTree = "<group>"; };
		66A53001222CF5770003A0E4 /* UpdateReviewModel.swift */ = {isa = PBXFileReference; lastKnownFileType = sourcecode.swift; path = UpdateReviewModel.swift; sourceTree = "<group>"; };
		66B1411621FED3DB0013C5E7 /* LocationFOTableViewCell.swift */ = {isa = PBXFileReference; lastKnownFileType = sourcecode.swift; path = LocationFOTableViewCell.swift; sourceTree = "<group>"; };
		66B1411821FED3FD0013C5E7 /* SearchFOTableViewCell.swift */ = {isa = PBXFileReference; lastKnownFileType = sourcecode.swift; path = SearchFOTableViewCell.swift; sourceTree = "<group>"; };
		66B1411A21FED4290013C5E7 /* TastePreferenceFOTableViewCell.swift */ = {isa = PBXFileReference; lastKnownFileType = sourcecode.swift; path = TastePreferenceFOTableViewCell.swift; sourceTree = "<group>"; };
		66B1411C21FED4310013C5E7 /* FoodMightLikeFOTableViewCell.swift */ = {isa = PBXFileReference; lastKnownFileType = sourcecode.swift; path = FoodMightLikeFOTableViewCell.swift; sourceTree = "<group>"; };
		66B1411E21FEE3270013C5E7 /* TastePreference.swift */ = {isa = PBXFileReference; lastKnownFileType = sourcecode.swift; path = TastePreference.swift; sourceTree = "<group>"; };
		66B1412022004E210013C5E7 /* FoodMightLikeFOCollectionViewCell.swift */ = {isa = PBXFileReference; lastKnownFileType = sourcecode.swift; path = FoodMightLikeFOCollectionViewCell.swift; sourceTree = "<group>"; };
		66B1412422005ACD0013C5E7 /* TabBarViewController.swift */ = {isa = PBXFileReference; lastKnownFileType = sourcecode.swift; name = TabBarViewController.swift; path = "Final Challenge/Controller/Main/TabBarViewController.swift"; sourceTree = SOURCE_ROOT; };
		66B737C521E4650B000C9B50 /* LoginVerification.storyboard */ = {isa = PBXFileReference; lastKnownFileType = file.storyboard; path = LoginVerification.storyboard; sourceTree = "<group>"; };
		66B737C721E46577000C9B50 /* LoginViewController.swift */ = {isa = PBXFileReference; lastKnownFileType = sourcecode.swift; path = LoginViewController.swift; sourceTree = "<group>"; };
		66B737CB21E46B5B000C9B50 /* ScanViewController.swift */ = {isa = PBXFileReference; lastKnownFileType = sourcecode.swift; path = ScanViewController.swift; sourceTree = "<group>"; };
		66B737CD21E46B64000C9B50 /* ResultViewController.swift */ = {isa = PBXFileReference; lastKnownFileType = sourcecode.swift; path = ResultViewController.swift; sourceTree = "<group>"; };
		66B737CF21E46B72000C9B50 /* GiveReviewViewController.swift */ = {isa = PBXFileReference; lastKnownFileType = sourcecode.swift; path = GiveReviewViewController.swift; sourceTree = "<group>"; };
		66B737D221E46C10000C9B50 /* ProfileViewController.swift */ = {isa = PBXFileReference; lastKnownFileType = sourcecode.swift; path = ProfileViewController.swift; sourceTree = "<group>"; };
		66B737DA21E46C9E000C9B50 /* SignUpViewController.swift */ = {isa = PBXFileReference; lastKnownFileType = sourcecode.swift; path = SignUpViewController.swift; sourceTree = "<group>"; };
		66B737DD21E46DFD000C9B50 /* ResultPhotoTableViewCell.swift */ = {isa = PBXFileReference; lastKnownFileType = sourcecode.swift; path = ResultPhotoTableViewCell.swift; sourceTree = "<group>"; };
		66B737DF21E4700E000C9B50 /* ResultActionButtonTableViewCell.swift */ = {isa = PBXFileReference; lastKnownFileType = sourcecode.swift; path = ResultActionButtonTableViewCell.swift; sourceTree = "<group>"; };
		66B737E121E47020000C9B50 /* ResultInformationTableViewCell.swift */ = {isa = PBXFileReference; lastKnownFileType = sourcecode.swift; path = ResultInformationTableViewCell.swift; sourceTree = "<group>"; };
		66B737E321E47033000C9B50 /* ResultPredictionTableViewCell.swift */ = {isa = PBXFileReference; lastKnownFileType = sourcecode.swift; path = ResultPredictionTableViewCell.swift; sourceTree = "<group>"; };
		66B737E521E47044000C9B50 /* ResultSimilarTableViewCell.swift */ = {isa = PBXFileReference; lastKnownFileType = sourcecode.swift; path = ResultSimilarTableViewCell.swift; sourceTree = "<group>"; };
		66C64B7322168B9200B6BB60 /* ProfileEditingTableViewCell.swift */ = {isa = PBXFileReference; lastKnownFileType = sourcecode.swift; path = ProfileEditingTableViewCell.swift; sourceTree = "<group>"; };
		66C64B7422168B9200B6BB60 /* ProfileEditingTableViewCell.xib */ = {isa = PBXFileReference; lastKnownFileType = file.xib; path = ProfileEditingTableViewCell.xib; sourceTree = "<group>"; };
		66DB37E221FEC50D00A695E8 /* FindOutViewController.swift */ = {isa = PBXFileReference; lastKnownFileType = sourcecode.swift; path = FindOutViewController.swift; sourceTree = "<group>"; };
		66E1436B221A932F00994540 /* TastePalAPI.swift */ = {isa = PBXFileReference; lastKnownFileType = sourcecode.swift; path = TastePalAPI.swift; sourceTree = "<group>"; };
		66E1436D221A934D00994540 /* TastePalAlert.swift */ = {isa = PBXFileReference; lastKnownFileType = sourcecode.swift; path = TastePalAlert.swift; sourceTree = "<group>"; };
		66E1436F221A93B600994540 /* TastePalRequest.swift */ = {isa = PBXFileReference; lastKnownFileType = sourcecode.swift; path = TastePalRequest.swift; sourceTree = "<group>"; };
		66E14371221A941E00994540 /* TastePalUrl.swift */ = {isa = PBXFileReference; lastKnownFileType = sourcecode.swift; path = TastePalUrl.swift; sourceTree = "<group>"; };
		66E4617B21F98AFC0084F7A5 /* BasicTaste.swift */ = {isa = PBXFileReference; lastKnownFileType = sourcecode.swift; path = BasicTaste.swift; sourceTree = "<group>"; };
		66E4617D21F98F750084F7A5 /* ReviewBasicTasteCollectionViewCell.swift */ = {isa = PBXFileReference; lastKnownFileType = sourcecode.swift; path = ReviewBasicTasteCollectionViewCell.swift; sourceTree = "<group>"; };
		66EE05142201B07A00FD770D /* RecommendFoodCollectionViewCell.swift */ = {isa = PBXFileReference; lastKnownFileType = sourcecode.swift; path = RecommendFoodCollectionViewCell.swift; sourceTree = "<group>"; };
		66EE05162202C45200FD770D /* FavoriteFoodCollectionViewCell.swift */ = {isa = PBXFileReference; lastKnownFileType = sourcecode.swift; path = FavoriteFoodCollectionViewCell.swift; sourceTree = "<group>"; };
		66EE05182202CF5B00FD770D /* ResultReviewTableViewCell.swift */ = {isa = PBXFileReference; lastKnownFileType = sourcecode.swift; path = ResultReviewTableViewCell.swift; sourceTree = "<group>"; };
		66EE051A2202DD9700FD770D /* FavoriteFoodViewController.swift */ = {isa = PBXFileReference; lastKnownFileType = sourcecode.swift; path = FavoriteFoodViewController.swift; sourceTree = "<group>"; };
		66EE05222203414400FD770D /* FoodMightLikeViewController.swift */ = {isa = PBXFileReference; lastKnownFileType = sourcecode.swift; path = FoodMightLikeViewController.swift; sourceTree = "<group>"; };
		66EE05252203576D00FD770D /* EditProfileInfoTableViewCell.swift */ = {isa = PBXFileReference; lastKnownFileType = sourcecode.swift; path = EditProfileInfoTableViewCell.swift; sourceTree = "<group>"; };
		7173EE72361510184F29CE2C /* Pods_Final_Challenge.framework */ = {isa = PBXFileReference; explicitFileType = wrapper.framework; includeInIndex = 0; path = Pods_Final_Challenge.framework; sourceTree = BUILT_PRODUCTS_DIR; };
		CA7D005D220054760090C8B3 /* FoodRecommendationTableViewCell.swift */ = {isa = PBXFileReference; lastKnownFileType = sourcecode.swift; path = FoodRecommendationTableViewCell.swift; sourceTree = "<group>"; };
		CA7D005F220055150090C8B3 /* FoodInformationTableViewCell.swift */ = {isa = PBXFileReference; lastKnownFileType = sourcecode.swift; path = FoodInformationTableViewCell.swift; sourceTree = "<group>"; };
		CAC3D53421F9AA0B002CF4D9 /* EditProfileViewController.swift */ = {isa = PBXFileReference; lastKnownFileType = sourcecode.swift; path = EditProfileViewController.swift; sourceTree = "<group>"; };
		CAC3D53621F9AB7E002CF4D9 /* ProfileHeaderTableViewCell.swift */ = {isa = PBXFileReference; lastKnownFileType = sourcecode.swift; path = ProfileHeaderTableViewCell.swift; sourceTree = "<group>"; };
		CAC3D53821F9AE77002CF4D9 /* TastePreferenceTableViewCell.swift */ = {isa = PBXFileReference; lastKnownFileType = sourcecode.swift; path = TastePreferenceTableViewCell.swift; sourceTree = "<group>"; };
		CAC3D53C21F9B0E1002CF4D9 /* FavoriteFoodTableViewCell.swift */ = {isa = PBXFileReference; lastKnownFileType = sourcecode.swift; path = FavoriteFoodTableViewCell.swift; sourceTree = "<group>"; };
		CAFFD6F421E478EE00147751 /* IntroductionViewController.swift */ = {isa = PBXFileReference; lastKnownFileType = sourcecode.swift; path = IntroductionViewController.swift; sourceTree = "<group>"; };
		CAFFD6F621E479AE00147751 /* GoogleService-Info.plist */ = {isa = PBXFileReference; fileEncoding = 4; lastKnownFileType = text.plist.xml; path = "GoogleService-Info.plist"; sourceTree = "<group>"; };
		CAFFD6F821EF2B2100147751 /* TastePalData.swift */ = {isa = PBXFileReference; lastKnownFileType = sourcecode.swift; name = TastePalData.swift; path = "Final Challenge/View/TastePalData.swift"; sourceTree = SOURCE_ROOT; };
		CD20EB6B21FECC4500F147B2 /* AlergicSelectedTableViewCell.swift */ = {isa = PBXFileReference; fileEncoding = 4; lastKnownFileType = sourcecode.swift; path = AlergicSelectedTableViewCell.swift; sourceTree = "<group>"; };
		CD20EB6C21FECC4500F147B2 /* AlergicFoodViewController.swift */ = {isa = PBXFileReference; fileEncoding = 4; lastKnownFileType = sourcecode.swift; path = AlergicFoodViewController.swift; sourceTree = "<group>"; };
		CD30B9CA21F8683000E43DAB /* FoodPreference.swift */ = {isa = PBXFileReference; lastKnownFileType = sourcecode.swift; path = FoodPreference.swift; sourceTree = "<group>"; };
		CD30B9CC21F86B9B00E43DAB /* FoodNever.swift */ = {isa = PBXFileReference; lastKnownFileType = sourcecode.swift; path = FoodNever.swift; sourceTree = "<group>"; };
		CD51B00F21FF05410084812E /* AddFoodTableViewCell.swift */ = {isa = PBXFileReference; lastKnownFileType = sourcecode.swift; path = AddFoodTableViewCell.swift; sourceTree = "<group>"; };
		CD51B01021FF05410084812E /* AddFoodTableViewCell.xib */ = {isa = PBXFileReference; lastKnownFileType = file.xib; path = AddFoodTableViewCell.xib; sourceTree = "<group>"; };
		CD926E2A22142FA200A5FAC6 /* FoodSearchTableViewCell.swift */ = {isa = PBXFileReference; lastKnownFileType = sourcecode.swift; path = FoodSearchTableViewCell.swift; sourceTree = "<group>"; };
		CDBAD5FC21F8396300017B9F /* TastePreferenceTestV2.storyboard */ = {isa = PBXFileReference; lastKnownFileType = file.storyboard; path = TastePreferenceTestV2.storyboard; sourceTree = "<group>"; };
		CDBAD60121F83DF800017B9F /* FoodKindViewController.swift */ = {isa = PBXFileReference; lastKnownFileType = sourcecode.swift; path = FoodKindViewController.swift; sourceTree = "<group>"; };
		CDBAD60721F83F7000017B9F /* FoodKindCollectionViewCell.swift */ = {isa = PBXFileReference; lastKnownFileType = sourcecode.swift; path = FoodKindCollectionViewCell.swift; sourceTree = "<group>"; };
		CDBAD60A21F8614C00017B9F /* NeverEatCollectionViewCell.swift */ = {isa = PBXFileReference; lastKnownFileType = sourcecode.swift; path = NeverEatCollectionViewCell.swift; sourceTree = "<group>"; };
		CDBAD60C21F8615D00017B9F /* NeverEatViewController.swift */ = {isa = PBXFileReference; lastKnownFileType = sourcecode.swift; path = NeverEatViewController.swift; sourceTree = "<group>"; };
		CDC76854220AF9A800DDED86 /* RemoveDuplicate.swift */ = {isa = PBXFileReference; lastKnownFileType = sourcecode.swift; path = RemoveDuplicate.swift; sourceTree = "<group>"; };
		CDC932F8220036CB00B3F33A /* AddFoodViewController.swift */ = {isa = PBXFileReference; lastKnownFileType = sourcecode.swift; path = AddFoodViewController.swift; sourceTree = "<group>"; };
		CDC932FA22004C5E00B3F33A /* SearchedFoodTableViewCell.swift */ = {isa = PBXFileReference; lastKnownFileType = sourcecode.swift; path = SearchedFoodTableViewCell.swift; sourceTree = "<group>"; };
		CDE4B3AD21F1B6F200DFDE2D /*  CIImagetoCGImage.swift */ = {isa = PBXFileReference; lastKnownFileType = sourcecode.swift; path = " CIImagetoCGImage.swift"; sourceTree = "<group>"; };
		CDE8CAD6221C0D6B007BAA23 /* RestorantTableViewCell.swift */ = {isa = PBXFileReference; lastKnownFileType = sourcecode.swift; path = RestorantTableViewCell.swift; sourceTree = "<group>"; };
/* End PBXFileReference section */

/* Begin PBXFrameworksBuildPhase section */
		663CBBE121E451E400572FFC /* Frameworks */ = {
			isa = PBXFrameworksBuildPhase;
			buildActionMask = 2147483647;
			files = (
				4391CDE718C420FF2651BBA5 /* Pods_Final_Challenge.framework in Frameworks */,
			);
			runOnlyForDeploymentPostprocessing = 0;
		};
/* End PBXFrameworksBuildPhase section */

/* Begin PBXGroup section */
		660D72F121EDDFC500453D83 /* AvoidFood */ = {
			isa = PBXGroup;
			children = (
				660D72F221EDDFEE00453D83 /* ListAvoidTableViewCell.swift */,
				660D72F421EDDFF500453D83 /* AvoidedTableViewCell.swift */,
				660D72F621EDE00800453D83 /* ListAvoidCollectionViewCell.swift */,
				660D72F821EDE00F00453D83 /* AvoidedCollectionViewCell.swift */,
				66763D7621E8779500368E6E /* FoodAvoidViewController.swift */,
			);
			path = AvoidFood;
			sourceTree = "<group>";
		};
		6611207721F054FF005403AF /* Scan */ = {
			isa = PBXGroup;
			children = (
				6611208021F1AB24005403AF /* DropDownHeader */,
				6611207821F05525005403AF /* DropDownMenu */,
				66B737CB21E46B5B000C9B50 /* ScanViewController.swift */,
			);
			path = Scan;
			sourceTree = "<group>";
		};
		6611207821F05525005403AF /* DropDownMenu */ = {
			isa = PBXGroup;
			children = (
				6611208A21F1DD2E005403AF /* SearchCell */,
				6611207C21F055D7005403AF /* DropDownViewController.swift */,
				6611207D21F055D7005403AF /* DropDownViewController.xib */,
			);
			path = DropDownMenu;
			sourceTree = "<group>";
		};
		6611208021F1AB24005403AF /* DropDownHeader */ = {
			isa = PBXGroup;
			children = (
				6611208621F1ADC9005403AF /* DropDownHeaderViewController.swift */,
				6611208721F1ADC9005403AF /* DropDownHeaderViewController.xib */,
			);
			path = DropDownHeader;
			sourceTree = "<group>";
		};
		6611208A21F1DD2E005403AF /* SearchCell */ = {
			isa = PBXGroup;
			children = (
				6611208B21F1DE15005403AF /* SearchLocTableViewCell.swift */,
				6611208C21F1DE15005403AF /* SearchLocTableViewCell.xib */,
			);
			path = SearchCell;
			sourceTree = "<group>";
		};
		6611209721F83BAA005403AF /* History */ = {
			isa = PBXGroup;
			children = (
				6620EC1821E5AE28009FDC04 /* Review */,
				6611209321F83B22005403AF /* HistoryViewController.swift */,
				6611209521F83B98005403AF /* HistoryTableViewCell.swift */,
			);
			path = History;
			sourceTree = "<group>";
		};
		6620EC1821E5AE28009FDC04 /* Review */ = {
			isa = PBXGroup;
			children = (
				6625BFAC220AB2D500A040C3 /* GiveReviewTasteTableViewCell.swift */,
				6625BFAA220AB01400A040C3 /* GiveReviewDescTableViewCell.swift */,
				66E4617D21F98F750084F7A5 /* ReviewBasicTasteCollectionViewCell.swift */,
				6620EC1921E5AE49009FDC04 /* ImageCameraTableViewCell.swift */,
				66B737CF21E46B72000C9B50 /* GiveReviewViewController.swift */,
				6620EC1F21E5AE7F009FDC04 /* SubmitTableViewCell.swift */,
				6625BFAE220ABD3E00A040C3 /* AddAlergenTableViewCell.swift */,
			);
			path = Review;
			sourceTree = "<group>";
		};
		663CBBDB21E451E300572FFC = {
			isa = PBXGroup;
			children = (
				663CBBE621E451E400572FFC /* Final Challenge */,
				663CBBE521E451E400572FFC /* Products */,
				CCBBAF19F2A73882630E25C5 /* Pods */,
				80273975D5873B842119DABD /* Frameworks */,
			);
			sourceTree = "<group>";
		};
		663CBBE521E451E400572FFC /* Products */ = {
			isa = PBXGroup;
			children = (
				663CBBE421E451E400572FFC /* Final Challenge.app */,
			);
			name = Products;
			sourceTree = "<group>";
		};
		663CBBE621E451E400572FFC /* Final Challenge */ = {
			isa = PBXGroup;
			children = (
				663CBBF121E451E500572FFC /* Assets.xcassets */,
				66B737C021E46231000C9B50 /* View */,
				66B737C121E46238000C9B50 /* Data */,
				66B737C221E4623C000C9B50 /* Controller */,
				663CBBE721E451E400572FFC /* AppDelegate.swift */,
				663CBBF621E451E500572FFC /* Info.plist */,
				CAFFD6F621E479AE00147751 /* GoogleService-Info.plist */,
				663CBBEE21E451E400572FFC /* Final_Challenge.xcdatamodeld */,
			);
			path = "Final Challenge";
			sourceTree = "<group>";
		};
		6653E98D2205D975009D6BE6 /* RecommendedFood */ = {
			isa = PBXGroup;
			children = (
				6653E9892205D959009D6BE6 /* RecommendedFoodViewController.swift */,
			);
			path = RecommendedFood;
			sourceTree = "<group>";
		};
		6653E98E2205D980009D6BE6 /* SeeAllReview */ = {
			isa = PBXGroup;
			children = (
				6625BFA8220AAA9900A040C3 /* AllReviewTableViewCell.swift */,
				6653E98B2205D964009D6BE6 /* SeeAllReviewViewController.swift */,
			);
			path = SeeAllReview;
			sourceTree = "<group>";
		};
		66763D7C21E8792B00368E6E /* FoodLike */ = {
			isa = PBXGroup;
			children = (
				66763D8121E87B9800368E6E /* FoodCollectionViewCell.swift */,
				66763D8321E87BA300368E6E /* FoodLikeCollectionViewCell.swift */,
				66763D7221E8778200368E6E /* FoodLikeViewController.swift */,
				66763D7D21E8794100368E6E /* FoodsTableViewCell.swift */,
				66763D7F21E8794900368E6E /* FoodsLikeTableViewCell.swift */,
			);
			path = FoodLike;
			sourceTree = "<group>";
		};
		6688AC8F22154F6D0002D315 /* Edit Profile Name */ = {
			isa = PBXGroup;
			children = (
				6688AC8B22154F5D0002D315 /* ProfileEditNameViewController.swift */,
			);
			path = "Edit Profile Name";
			sourceTree = "<group>";
		};
		6688AC9022154F750002D315 /* Edit Profile Password */ = {
			isa = PBXGroup;
			children = (
				6688AC8D22154F650002D315 /* ProfileEditPasswordViewController.swift */,
			);
			path = "Edit Profile Password";
			sourceTree = "<group>";
		};
		66A52FF82227D9650003A0E4 /* Model */ = {
			isa = PBXGroup;
			children = (
				66A52FF4222692B50003A0E4 /* TPReview.swift */,
				66A52FF92227E3710003A0E4 /* PostReviewModel.swift */,
				66A52FFB222CECAE0003A0E4 /* NewGuestModel.swift */,
				66A52FFD222CF0230003A0E4 /* ResultModel.swift */,
				66A52FFF222CF3E40003A0E4 /* AteFoodModel.swift */,
				66A53001222CF5770003A0E4 /* UpdateReviewModel.swift */,
			);
			path = Model;
			sourceTree = "<group>";
		};
		66B737C021E46231000C9B50 /* View */ = {
			isa = PBXGroup;
			children = (
				663CBBEB21E451E400572FFC /* Main.storyboard */,
				CDBAD5FC21F8396300017B9F /* TastePreferenceTestV2.storyboard */,
				66B737C521E4650B000C9B50 /* LoginVerification.storyboard */,
				663CBBF321E451E500572FFC /* LaunchScreen.storyboard */,
			);
			path = View;
			sourceTree = "<group>";
		};
		66B737C121E46238000C9B50 /* Data */ = {
			isa = PBXGroup;
			children = (
				6611209821F83D7E005403AF /* FoodReview.swift */,
				CAFFD6F821EF2B2100147751 /* TastePalData.swift */,
				CD30B9CC21F86B9B00E43DAB /* FoodNever.swift */,
				CD30B9CA21F8683000E43DAB /* FoodPreference.swift */,
				66E4617B21F98AFC0084F7A5 /* BasicTaste.swift */,
				66B1411E21FEE3270013C5E7 /* TastePreference.swift */,
				66A52FF82227D9650003A0E4 /* Model */,
			);
			path = Data;
			sourceTree = "<group>";
		};
		66B737C221E4623C000C9B50 /* Controller */ = {
			isa = PBXGroup;
			children = (
				CDE4B3AC21F1B6C600DFDE2D /* Extension */,
				66B737D721E46C8C000C9B50 /* Login Verification */,
				66B737D621E46C87000C9B50 /* Taste */,
				CDBAD5FF21F83D9F00017B9F /* Taste 2 */,
				66EE05122201AE2C00FD770D /* Unused */,
				66B737D121E46B76000C9B50 /* Main */,
			);
			path = Controller;
			sourceTree = "<group>";
		};
		66B737D121E46B76000C9B50 /* Main */ = {
			isa = PBXGroup;
			children = (
				66A221A0220062A40027AA59 /* NavBarViewController.swift */,
				66B1412422005ACD0013C5E7 /* TabBarViewController.swift */,
				66DB37E421FEC51700A695E8 /* FindOut */,
				6611209721F83BAA005403AF /* History */,
				6611207721F054FF005403AF /* Scan */,
				66EE05132201AE4300FD770D /* Profile */,
			);
			path = Main;
			sourceTree = "<group>";
		};
		66B737D621E46C87000C9B50 /* Taste */ = {
			isa = PBXGroup;
			children = (
				660D72F121EDDFC500453D83 /* AvoidFood */,
				66763D7C21E8792B00368E6E /* FoodLike */,
				66763D7421E8778C00368E6E /* TasteDislikeViewController.swift */,
				66763D7821E877A300368E6E /* DoneTestViewController.swift */,
				66763D7A21E877A900368E6E /* SummaryViewController.swift */,
			);
			path = Taste;
			sourceTree = "<group>";
		};
		66B737D721E46C8C000C9B50 /* Login Verification */ = {
			isa = PBXGroup;
			children = (
				CDBAD5FE21F83D8900017B9F /* New Group */,
				66B737C721E46577000C9B50 /* LoginViewController.swift */,
				66B737DA21E46C9E000C9B50 /* SignUpViewController.swift */,
				CAFFD6F421E478EE00147751 /* IntroductionViewController.swift */,
			);
			path = "Login Verification";
			sourceTree = "<group>";
		};
		66B737DC21E46DC3000C9B50 /* Result */ = {
			isa = PBXGroup;
			children = (
				6653E98D2205D975009D6BE6 /* RecommendedFood */,
				6653E98E2205D980009D6BE6 /* SeeAllReview */,
				66EE05182202CF5B00FD770D /* ResultReviewTableViewCell.swift */,
				66EE05142201B07A00FD770D /* RecommendFoodCollectionViewCell.swift */,
				66B737CD21E46B64000C9B50 /* ResultViewController.swift */,
				CA7D005D220054760090C8B3 /* FoodRecommendationTableViewCell.swift */,
				CA7D005F220055150090C8B3 /* FoodInformationTableViewCell.swift */,
			);
			path = Result;
			sourceTree = "<group>";
		};
		66C64B722215594100B6BB60 /* NavBarwithImage */ = {
			isa = PBXGroup;
			children = (
			);
			path = NavBarwithImage;
			sourceTree = "<group>";
		};
		66C64B7722168D6F00B6BB60 /* ProfileEditingCell */ = {
			isa = PBXGroup;
			children = (
				66C64B7322168B9200B6BB60 /* ProfileEditingTableViewCell.swift */,
				66C64B7422168B9200B6BB60 /* ProfileEditingTableViewCell.xib */,
			);
			path = ProfileEditingCell;
			sourceTree = "<group>";
		};
		66DB37E421FEC51700A695E8 /* FindOut */ = {
			isa = PBXGroup;
			children = (
				CD8204A92213EBF60081ABBD /* Find Out Search */,
				66EE05242203414B00FD770D /* FoodMightLike */,
				66B737DC21E46DC3000C9B50 /* Result */,
				CD1616CB221BF9B6006BE202 /* searching restourant */,
				66B1412022004E210013C5E7 /* FoodMightLikeFOCollectionViewCell.swift */,
				66B1411621FED3DB0013C5E7 /* LocationFOTableViewCell.swift */,
				CD926E2A22142FA200A5FAC6 /* FoodSearchTableViewCell.swift */,
				66B1411821FED3FD0013C5E7 /* SearchFOTableViewCell.swift */,
				66DB37E221FEC50D00A695E8 /* FindOutViewController.swift */,
				66B1411A21FED4290013C5E7 /* TastePreferenceFOTableViewCell.swift */,
				66B1411C21FED4310013C5E7 /* FoodMightLikeFOTableViewCell.swift */,
				6640590B2215373A0084574A /* TasteLegendCollectionViewCell.swift */,
			);
			path = FindOut;
			sourceTree = "<group>";
		};
		66E1436A221A930200994540 /* Helper */ = {
			isa = PBXGroup;
			children = (
				66E1436B221A932F00994540 /* TastePalAPI.swift */,
				66E1436D221A934D00994540 /* TastePalAlert.swift */,
				66A52FF62226971E0003A0E4 /* TastePalDataManager.swift */,
				66E14371221A941E00994540 /* TastePalUrl.swift */,
				66E1436F221A93B600994540 /* TastePalRequest.swift */,
			);
			path = Helper;
			sourceTree = "<group>";
		};
		66EE05122201AE2C00FD770D /* Unused */ = {
			isa = PBXGroup;
			children = (
				66B737DF21E4700E000C9B50 /* ResultActionButtonTableViewCell.swift */,
				66B737DD21E46DFD000C9B50 /* ResultPhotoTableViewCell.swift */,
				66B737E121E47020000C9B50 /* ResultInformationTableViewCell.swift */,
				66B737E321E47033000C9B50 /* ResultPredictionTableViewCell.swift */,
				66B737E521E47044000C9B50 /* ResultSimilarTableViewCell.swift */,
			);
			name = Unused;
			path = Main/Unused;
			sourceTree = "<group>";
		};
		66EE05132201AE4300FD770D /* Profile */ = {
			isa = PBXGroup;
			children = (
				66C64B7722168D6F00B6BB60 /* ProfileEditingCell */,
				66C64B722215594100B6BB60 /* NavBarwithImage */,
				6688AC9022154F750002D315 /* Edit Profile Password */,
				6688AC8F22154F6D0002D315 /* Edit Profile Name */,
				66EE05202202E01C00FD770D /* Favorite */,
				66EE05212202E02B00FD770D /* Edit Profile */,
				66EE05162202C45200FD770D /* FavoriteFoodCollectionViewCell.swift */,
				66B737D221E46C10000C9B50 /* ProfileViewController.swift */,
				CAC3D53821F9AE77002CF4D9 /* TastePreferenceTableViewCell.swift */,
				CAC3D53621F9AB7E002CF4D9 /* ProfileHeaderTableViewCell.swift */,
				CAC3D53C21F9B0E1002CF4D9 /* FavoriteFoodTableViewCell.swift */,
				661ED7E72216A1F100D6A93F /* TasteLegendProfileCollectionViewCell.swift */,
			);
			path = Profile;
			sourceTree = "<group>";
		};
		66EE05202202E01C00FD770D /* Favorite */ = {
			isa = PBXGroup;
			children = (
				66EE051A2202DD9700FD770D /* FavoriteFoodViewController.swift */,
			);
			path = Favorite;
			sourceTree = "<group>";
		};
		66EE05212202E02B00FD770D /* Edit Profile */ = {
			isa = PBXGroup;
			children = (
				66EE05252203576D00FD770D /* EditProfileInfoTableViewCell.swift */,
				CAC3D53421F9AA0B002CF4D9 /* EditProfileViewController.swift */,
			);
			path = "Edit Profile";
			sourceTree = "<group>";
		};
		66EE05242203414B00FD770D /* FoodMightLike */ = {
			isa = PBXGroup;
			children = (
				66EE05222203414400FD770D /* FoodMightLikeViewController.swift */,
			);
			path = FoodMightLike;
			sourceTree = "<group>";
		};
		80273975D5873B842119DABD /* Frameworks */ = {
			isa = PBXGroup;
			children = (
				7173EE72361510184F29CE2C /* Pods_Final_Challenge.framework */,
			);
			name = Frameworks;
			sourceTree = "<group>";
		};
		CCBBAF19F2A73882630E25C5 /* Pods */ = {
			isa = PBXGroup;
			children = (
				013BB0A6A2039AB2ED724247 /* Pods-Final Challenge.debug.xcconfig */,
				359B432ACDA4F0042D37E042 /* Pods-Final Challenge.release.xcconfig */,
			);
			name = Pods;
			sourceTree = "<group>";
		};
		CD1616CB221BF9B6006BE202 /* searching restourant */ = {
			isa = PBXGroup;
			children = (
				CDE8CAD6221C0D6B007BAA23 /* RestorantTableViewCell.swift */,
			);
			path = "searching restourant";
			sourceTree = "<group>";
		};
		CD20EB6A21FECC4500F147B2 /* Alergic Food */ = {
			isa = PBXGroup;
			children = (
				CDC932F7220035B600B3F33A /* Add Food */,
				CD20EB6C21FECC4500F147B2 /* AlergicFoodViewController.swift */,
				CD20EB6B21FECC4500F147B2 /* AlergicSelectedTableViewCell.swift */,
				CD51B00F21FF05410084812E /* AddFoodTableViewCell.swift */,
				CD51B01021FF05410084812E /* AddFoodTableViewCell.xib */,
			);
			path = "Alergic Food";
			sourceTree = "<group>";
		};
		CD8204A92213EBF60081ABBD /* Find Out Search */ = {
			isa = PBXGroup;
			children = (
			);
			path = "Find Out Search";
			sourceTree = "<group>";
		};
		CDBAD5FE21F83D8900017B9F /* New Group */ = {
			isa = PBXGroup;
			children = (
			);
			path = "New Group";
			sourceTree = "<group>";
		};
		CDBAD5FF21F83D9F00017B9F /* Taste 2 */ = {
			isa = PBXGroup;
			children = (
				CD20EB6A21FECC4500F147B2 /* Alergic Food */,
				CDBAD60921F8606B00017B9F /* never Eat */,
				CDBAD60021F83DCF00017B9F /* Food Kind */,
			);
			path = "Taste 2";
			sourceTree = "<group>";
		};
		CDBAD60021F83DCF00017B9F /* Food Kind */ = {
			isa = PBXGroup;
			children = (
				664059052213D4EA0084574A /* FoodLikeTableViewCell.swift */,
				664059072213D4F50084574A /* FoodNextActionTableViewCell.swift */,
				CDBAD60121F83DF800017B9F /* FoodKindViewController.swift */,
				CDBAD60721F83F7000017B9F /* FoodKindCollectionViewCell.swift */,
			);
			path = "Food Kind";
			sourceTree = "<group>";
		};
		CDBAD60921F8606B00017B9F /* never Eat */ = {
			isa = PBXGroup;
			children = (
				CDBAD60C21F8615D00017B9F /* NeverEatViewController.swift */,
				CDBAD60A21F8614C00017B9F /* NeverEatCollectionViewCell.swift */,
			);
			path = "never Eat";
			sourceTree = "<group>";
		};
		CDC932F7220035B600B3F33A /* Add Food */ = {
			isa = PBXGroup;
			children = (
				CDC932F8220036CB00B3F33A /* AddFoodViewController.swift */,
				CDC932FA22004C5E00B3F33A /* SearchedFoodTableViewCell.swift */,
			);
			path = "Add Food";
			sourceTree = "<group>";
		};
		CDE4B3AC21F1B6C600DFDE2D /* Extension */ = {
			isa = PBXGroup;
			children = (
				66E1436A221A930200994540 /* Helper */,
				CDE4B3AD21F1B6F200DFDE2D /*  CIImagetoCGImage.swift */,
				CDC76854220AF9A800DDED86 /* RemoveDuplicate.swift */,
			);
			name = Extension;
			path = "New Group";
			sourceTree = "<group>";
		};
/* End PBXGroup section */

/* Begin PBXNativeTarget section */
		663CBBE321E451E400572FFC /* Final Challenge */ = {
			isa = PBXNativeTarget;
			buildConfigurationList = 663CBBF921E451E500572FFC /* Build configuration list for PBXNativeTarget "Final Challenge" */;
			buildPhases = (
				57671F17B1FA9235DA550D9D /* [CP] Check Pods Manifest.lock */,
				663CBBE021E451E400572FFC /* Sources */,
				663CBBE121E451E400572FFC /* Frameworks */,
				663CBBE221E451E400572FFC /* Resources */,
				4D4FCEB677C6589E7CF3DAE5 /* [CP] Embed Pods Frameworks */,
				48C24A6815DC50AFAE4137C4 /* [CP] Copy Pods Resources */,
			);
			buildRules = (
			);
			dependencies = (
			);
			name = "Final Challenge";
			productName = "Final Challenge";
			productReference = 663CBBE421E451E400572FFC /* Final Challenge.app */;
			productType = "com.apple.product-type.application";
		};
/* End PBXNativeTarget section */

/* Begin PBXProject section */
		663CBBDC21E451E300572FFC /* Project object */ = {
			isa = PBXProject;
			attributes = {
				LastSwiftUpdateCheck = 1010;
				LastUpgradeCheck = 1010;
				ORGANIZATIONNAME = "Yosua Hoo";
				TargetAttributes = {
					663CBBE321E451E400572FFC = {
						CreatedOnToolsVersion = 10.1;
					};
				};
			};
			buildConfigurationList = 663CBBDF21E451E300572FFC /* Build configuration list for PBXProject "Final Challenge" */;
			compatibilityVersion = "Xcode 9.3";
			developmentRegion = en;
			hasScannedForEncodings = 0;
			knownRegions = (
				en,
				Base,
			);
			mainGroup = 663CBBDB21E451E300572FFC;
			productRefGroup = 663CBBE521E451E400572FFC /* Products */;
			projectDirPath = "";
			projectRoot = "";
			targets = (
				663CBBE321E451E400572FFC /* Final Challenge */,
			);
		};
/* End PBXProject section */

/* Begin PBXResourcesBuildPhase section */
		663CBBE221E451E400572FFC /* Resources */ = {
			isa = PBXResourcesBuildPhase;
			buildActionMask = 2147483647;
			files = (
				66B737C621E4650B000C9B50 /* LoginVerification.storyboard in Resources */,
				663CBBF521E451E500572FFC /* LaunchScreen.storyboard in Resources */,
				6611208E21F1DE15005403AF /* SearchLocTableViewCell.xib in Resources */,
				66C64B7622168B9200B6BB60 /* ProfileEditingTableViewCell.xib in Resources */,
				6611207F21F055D7005403AF /* DropDownViewController.xib in Resources */,
				6611208921F1ADC9005403AF /* DropDownHeaderViewController.xib in Resources */,
				663CBBF221E451E500572FFC /* Assets.xcassets in Resources */,
				663CBBED21E451E400572FFC /* Main.storyboard in Resources */,
				CDBAD5FD21F8396300017B9F /* TastePreferenceTestV2.storyboard in Resources */,
				CD51B01221FF05410084812E /* AddFoodTableViewCell.xib in Resources */,
				CAFFD6F721E479AE00147751 /* GoogleService-Info.plist in Resources */,
			);
			runOnlyForDeploymentPostprocessing = 0;
		};
/* End PBXResourcesBuildPhase section */

/* Begin PBXShellScriptBuildPhase section */
		48C24A6815DC50AFAE4137C4 /* [CP] Copy Pods Resources */ = {
			isa = PBXShellScriptBuildPhase;
			buildActionMask = 2147483647;
			files = (
			);
			inputPaths = (
				"${SRCROOT}/Pods/Target Support Files/Pods-Final Challenge/Pods-Final Challenge-resources.sh",
				"${PODS_CONFIGURATION_BUILD_DIR}/GoogleMobileVision/GoogleMVTextDetectorResources.bundle",
			);
			name = "[CP] Copy Pods Resources";
			outputPaths = (
				"${TARGET_BUILD_DIR}/${UNLOCALIZED_RESOURCES_FOLDER_PATH}/GoogleMVTextDetectorResources.bundle",
			);
			runOnlyForDeploymentPostprocessing = 0;
			shellPath = /bin/sh;
			shellScript = "\"${SRCROOT}/Pods/Target Support Files/Pods-Final Challenge/Pods-Final Challenge-resources.sh\"\n";
			showEnvVarsInLog = 0;
		};
		4D4FCEB677C6589E7CF3DAE5 /* [CP] Embed Pods Frameworks */ = {
			isa = PBXShellScriptBuildPhase;
			buildActionMask = 2147483647;
			files = (
			);
			inputPaths = (
				"${SRCROOT}/Pods/Target Support Files/Pods-Final Challenge/Pods-Final Challenge-frameworks.sh",
				"${BUILT_PRODUCTS_DIR}/Alamofire/Alamofire.framework",
				"${BUILT_PRODUCTS_DIR}/EasyMapping/EasyMapping.framework",
				"${BUILT_PRODUCTS_DIR}/GTMSessionFetcher/GTMSessionFetcher.framework",
				"${BUILT_PRODUCTS_DIR}/GoogleAPIClientForREST/GoogleAPIClientForREST.framework",
				"${BUILT_PRODUCTS_DIR}/GoogleToolboxForMac/GoogleToolboxForMac.framework",
				"${BUILT_PRODUCTS_DIR}/GoogleUtilities/GoogleUtilities.framework",
				"${BUILT_PRODUCTS_DIR}/IQKeyboardManagerSwift/IQKeyboardManagerSwift.framework",
				"${BUILT_PRODUCTS_DIR}/Protobuf/Protobuf.framework",
				"${BUILT_PRODUCTS_DIR}/SDWebImage/SDWebImage.framework",
				"${BUILT_PRODUCTS_DIR}/SVProgressHUD/SVProgressHUD.framework",
				"${BUILT_PRODUCTS_DIR}/SwiftyJSON/SwiftyJSON.framework",
				"${BUILT_PRODUCTS_DIR}/leveldb-library/leveldb.framework",
				"${BUILT_PRODUCTS_DIR}/nanopb/nanopb.framework",
			);
			name = "[CP] Embed Pods Frameworks";
			outputPaths = (
				"${TARGET_BUILD_DIR}/${FRAMEWORKS_FOLDER_PATH}/Alamofire.framework",
				"${TARGET_BUILD_DIR}/${FRAMEWORKS_FOLDER_PATH}/EasyMapping.framework",
				"${TARGET_BUILD_DIR}/${FRAMEWORKS_FOLDER_PATH}/GTMSessionFetcher.framework",
				"${TARGET_BUILD_DIR}/${FRAMEWORKS_FOLDER_PATH}/GoogleAPIClientForREST.framework",
				"${TARGET_BUILD_DIR}/${FRAMEWORKS_FOLDER_PATH}/GoogleToolboxForMac.framework",
				"${TARGET_BUILD_DIR}/${FRAMEWORKS_FOLDER_PATH}/GoogleUtilities.framework",
				"${TARGET_BUILD_DIR}/${FRAMEWORKS_FOLDER_PATH}/IQKeyboardManagerSwift.framework",
				"${TARGET_BUILD_DIR}/${FRAMEWORKS_FOLDER_PATH}/Protobuf.framework",
				"${TARGET_BUILD_DIR}/${FRAMEWORKS_FOLDER_PATH}/SDWebImage.framework",
				"${TARGET_BUILD_DIR}/${FRAMEWORKS_FOLDER_PATH}/SVProgressHUD.framework",
				"${TARGET_BUILD_DIR}/${FRAMEWORKS_FOLDER_PATH}/SwiftyJSON.framework",
				"${TARGET_BUILD_DIR}/${FRAMEWORKS_FOLDER_PATH}/leveldb.framework",
				"${TARGET_BUILD_DIR}/${FRAMEWORKS_FOLDER_PATH}/nanopb.framework",
			);
			runOnlyForDeploymentPostprocessing = 0;
			shellPath = /bin/sh;
			shellScript = "\"${SRCROOT}/Pods/Target Support Files/Pods-Final Challenge/Pods-Final Challenge-frameworks.sh\"\n";
			showEnvVarsInLog = 0;
		};
		57671F17B1FA9235DA550D9D /* [CP] Check Pods Manifest.lock */ = {
			isa = PBXShellScriptBuildPhase;
			buildActionMask = 2147483647;
			files = (
			);
			inputPaths = (
				"${PODS_PODFILE_DIR_PATH}/Podfile.lock",
				"${PODS_ROOT}/Manifest.lock",
			);
			name = "[CP] Check Pods Manifest.lock";
			outputPaths = (
				"$(DERIVED_FILE_DIR)/Pods-Final Challenge-checkManifestLockResult.txt",
			);
			runOnlyForDeploymentPostprocessing = 0;
			shellPath = /bin/sh;
			shellScript = "diff \"${PODS_PODFILE_DIR_PATH}/Podfile.lock\" \"${PODS_ROOT}/Manifest.lock\" > /dev/null\nif [ $? != 0 ] ; then\n    # print error to STDERR\n    echo \"error: The sandbox is not in sync with the Podfile.lock. Run 'pod install' or update your CocoaPods installation.\" >&2\n    exit 1\nfi\n# This output is used by Xcode 'outputs' to avoid re-running this script phase.\necho \"SUCCESS\" > \"${SCRIPT_OUTPUT_FILE_0}\"\n";
			showEnvVarsInLog = 0;
		};
/* End PBXShellScriptBuildPhase section */

/* Begin PBXSourcesBuildPhase section */
		663CBBE021E451E400572FFC /* Sources */ = {
			isa = PBXSourcesBuildPhase;
			buildActionMask = 2147483647;
			files = (
				6611208821F1ADC9005403AF /* DropDownHeaderViewController.swift in Sources */,
				66B737CE21E46B64000C9B50 /* ResultViewController.swift in Sources */,
				66763D8021E8794900368E6E /* FoodsLikeTableViewCell.swift in Sources */,
				CDE4B3AE21F1B6F200DFDE2D /*  CIImagetoCGImage.swift in Sources */,
				6625BFA9220AAA9900A040C3 /* AllReviewTableViewCell.swift in Sources */,
				6625BFAB220AB01400A040C3 /* GiveReviewDescTableViewCell.swift in Sources */,
				66763D7E21E8794100368E6E /* FoodsTableViewCell.swift in Sources */,
				6653E98C2205D964009D6BE6 /* SeeAllReviewViewController.swift in Sources */,
				66A52FFC222CECAE0003A0E4 /* NewGuestModel.swift in Sources */,
				66B737D021E46B72000C9B50 /* GiveReviewViewController.swift in Sources */,
				CDC932F9220036CB00B3F33A /* AddFoodViewController.swift in Sources */,
				66763D7721E8779500368E6E /* FoodAvoidViewController.swift in Sources */,
				CAFFD6F921EF2B2100147751 /* TastePalData.swift in Sources */,
				66B1411721FED3DB0013C5E7 /* LocationFOTableViewCell.swift in Sources */,
				6611209421F83B22005403AF /* HistoryViewController.swift in Sources */,
				66B737C821E46577000C9B50 /* LoginViewController.swift in Sources */,
				66B1411B21FED4290013C5E7 /* TastePreferenceFOTableViewCell.swift in Sources */,
				66763D7321E8778200368E6E /* FoodLikeViewController.swift in Sources */,
				66B1411F21FEE3270013C5E7 /* TastePreference.swift in Sources */,
				663CBBF021E451E400572FFC /* Final_Challenge.xcdatamodeld in Sources */,
				6611207E21F055D7005403AF /* DropDownViewController.swift in Sources */,
				CAC3D53D21F9B0E1002CF4D9 /* FavoriteFoodTableViewCell.swift in Sources */,
				CDC76855220AF9A800DDED86 /* RemoveDuplicate.swift in Sources */,
				CDBAD60B21F8614C00017B9F /* NeverEatCollectionViewCell.swift in Sources */,
				66A53002222CF5770003A0E4 /* UpdateReviewModel.swift in Sources */,
				66EE05232203414400FD770D /* FoodMightLikeViewController.swift in Sources */,
				66DB37E321FEC50D00A695E8 /* FindOutViewController.swift in Sources */,
				66B1411921FED3FD0013C5E7 /* SearchFOTableViewCell.swift in Sources */,
				66A52FF72226971E0003A0E4 /* TastePalDataManager.swift in Sources */,
				660D72F721EDE00800453D83 /* ListAvoidCollectionViewCell.swift in Sources */,
				66E4617E21F98F750084F7A5 /* ReviewBasicTasteCollectionViewCell.swift in Sources */,
				6611208D21F1DE15005403AF /* SearchLocTableViewCell.swift in Sources */,
				6688AC8C22154F5D0002D315 /* ProfileEditNameViewController.swift in Sources */,
				66A221A1220062A40027AA59 /* NavBarViewController.swift in Sources */,
				66B1412122004E210013C5E7 /* FoodMightLikeFOCollectionViewCell.swift in Sources */,
				CAC3D53721F9AB7E002CF4D9 /* ProfileHeaderTableViewCell.swift in Sources */,
				6620EC1A21E5AE49009FDC04 /* ImageCameraTableViewCell.swift in Sources */,
				660D72F321EDDFEE00453D83 /* ListAvoidTableViewCell.swift in Sources */,
				66A52FF5222692B50003A0E4 /* TPReview.swift in Sources */,
				CDBAD60821F83F7000017B9F /* FoodKindCollectionViewCell.swift in Sources */,
				CD30B9CB21F8683000E43DAB /* FoodPreference.swift in Sources */,
				66E4617C21F98AFC0084F7A5 /* BasicTaste.swift in Sources */,
				66B1412522005ACD0013C5E7 /* TabBarViewController.swift in Sources */,
				660D72F521EDDFF500453D83 /* AvoidedTableViewCell.swift in Sources */,
				660D72F921EDE00F00453D83 /* AvoidedCollectionViewCell.swift in Sources */,
				66EE05262203576D00FD770D /* EditProfileInfoTableViewCell.swift in Sources */,
				66B737E421E47033000C9B50 /* ResultPredictionTableViewCell.swift in Sources */,
				CA7D0060220055150090C8B3 /* FoodInformationTableViewCell.swift in Sources */,
				6611209921F83D7E005403AF /* FoodReview.swift in Sources */,
				66B737E021E4700E000C9B50 /* ResultActionButtonTableViewCell.swift in Sources */,
				CAFFD6F521E478EE00147751 /* IntroductionViewController.swift in Sources */,
				66E14372221A941E00994540 /* TastePalUrl.swift in Sources */,
				66EE05192202CF5B00FD770D /* ResultReviewTableViewCell.swift in Sources */,
				CD926E2B22142FA200A5FAC6 /* FoodSearchTableViewCell.swift in Sources */,
				6625BFAD220AB2D500A040C3 /* GiveReviewTasteTableViewCell.swift in Sources */,
				66763D7921E877A300368E6E /* DoneTestViewController.swift in Sources */,
				6625BFAF220ABD3E00A040C3 /* AddAlergenTableViewCell.swift in Sources */,
				66A53000222CF3E40003A0E4 /* AteFoodModel.swift in Sources */,
				66A52FFA2227E3710003A0E4 /* PostReviewModel.swift in Sources */,
				CDBAD60D21F8615D00017B9F /* NeverEatViewController.swift in Sources */,
				66B737D321E46C10000C9B50 /* ProfileViewController.swift in Sources */,
				66B737DB21E46C9E000C9B50 /* SignUpViewController.swift in Sources */,
				CDC932FB22004C5E00B3F33A /* SearchedFoodTableViewCell.swift in Sources */,
				CAC3D53521F9AA0B002CF4D9 /* EditProfileViewController.swift in Sources */,
				CDBAD60221F83DF800017B9F /* FoodKindViewController.swift in Sources */,
				66B737DE21E46DFD000C9B50 /* ResultPhotoTableViewCell.swift in Sources */,
				6688AC8E22154F650002D315 /* ProfileEditPasswordViewController.swift in Sources */,
				CD51B01121FF05410084812E /* AddFoodTableViewCell.swift in Sources */,
				66763D8221E87B9800368E6E /* FoodCollectionViewCell.swift in Sources */,
				664059062213D4EB0084574A /* FoodLikeTableViewCell.swift in Sources */,
				66C64B7522168B9200B6BB60 /* ProfileEditingTableViewCell.swift in Sources */,
				66B737E621E47044000C9B50 /* ResultSimilarTableViewCell.swift in Sources */,
				66EE051B2202DD9700FD770D /* FavoriteFoodViewController.swift in Sources */,
				CAC3D53921F9AE77002CF4D9 /* TastePreferenceTableViewCell.swift in Sources */,
				CD30B9CD21F86B9B00E43DAB /* FoodNever.swift in Sources */,
				663CBBE821E451E400572FFC /* AppDelegate.swift in Sources */,
				66EE05152201B07A00FD770D /* RecommendFoodCollectionViewCell.swift in Sources */,
				66763D7521E8778C00368E6E /* TasteDislikeViewController.swift in Sources */,
				66E1436C221A932F00994540 /* TastePalAPI.swift in Sources */,
				6620EC2021E5AE7F009FDC04 /* SubmitTableViewCell.swift in Sources */,
				CA7D005E220054760090C8B3 /* FoodRecommendationTableViewCell.swift in Sources */,
				661ED7E82216A1F100D6A93F /* TasteLegendProfileCollectionViewCell.swift in Sources */,
				66763D7B21E877A900368E6E /* SummaryViewController.swift in Sources */,
				66E1436E221A934D00994540 /* TastePalAlert.swift in Sources */,
				66B1411D21FED4310013C5E7 /* FoodMightLikeFOTableViewCell.swift in Sources */,
				6611209621F83B98005403AF /* HistoryTableViewCell.swift in Sources */,
				6640590C2215373A0084574A /* TasteLegendCollectionViewCell.swift in Sources */,
				CD20EB6D21FECC4500F147B2 /* AlergicSelectedTableViewCell.swift in Sources */,
				66763D8421E87BA300368E6E /* FoodLikeCollectionViewCell.swift in Sources */,
				CDE8CAD7221C0D6B007BAA23 /* RestorantTableViewCell.swift in Sources */,
				66B737CC21E46B5B000C9B50 /* ScanViewController.swift in Sources */,
				CD20EB6E21FECC4500F147B2 /* AlergicFoodViewController.swift in Sources */,
				664059082213D4F50084574A /* FoodNextActionTableViewCell.swift in Sources */,
				66EE05172202C45200FD770D /* FavoriteFoodCollectionViewCell.swift in Sources */,
				66A52FFE222CF0240003A0E4 /* ResultModel.swift in Sources */,
				66E14370221A93B600994540 /* TastePalRequest.swift in Sources */,
				6653E98A2205D959009D6BE6 /* RecommendedFoodViewController.swift in Sources */,
				66B737E221E47020000C9B50 /* ResultInformationTableViewCell.swift in Sources */,
			);
			runOnlyForDeploymentPostprocessing = 0;
		};
/* End PBXSourcesBuildPhase section */

/* Begin PBXVariantGroup section */
		663CBBEB21E451E400572FFC /* Main.storyboard */ = {
			isa = PBXVariantGroup;
			children = (
				663CBBEC21E451E400572FFC /* Base */,
			);
			name = Main.storyboard;
			sourceTree = "<group>";
		};
		663CBBF321E451E500572FFC /* LaunchScreen.storyboard */ = {
			isa = PBXVariantGroup;
			children = (
				663CBBF421E451E500572FFC /* Base */,
			);
			name = LaunchScreen.storyboard;
			sourceTree = "<group>";
		};
/* End PBXVariantGroup section */

/* Begin XCBuildConfiguration section */
		663CBBF721E451E500572FFC /* Debug */ = {
			isa = XCBuildConfiguration;
			buildSettings = {
				ALWAYS_SEARCH_USER_PATHS = NO;
				CLANG_ANALYZER_NONNULL = YES;
				CLANG_ANALYZER_NUMBER_OBJECT_CONVERSION = YES_AGGRESSIVE;
				CLANG_CXX_LANGUAGE_STANDARD = "gnu++14";
				CLANG_CXX_LIBRARY = "libc++";
				CLANG_ENABLE_MODULES = YES;
				CLANG_ENABLE_OBJC_ARC = YES;
				CLANG_ENABLE_OBJC_WEAK = YES;
				CLANG_WARN_BLOCK_CAPTURE_AUTORELEASING = YES;
				CLANG_WARN_BOOL_CONVERSION = YES;
				CLANG_WARN_COMMA = YES;
				CLANG_WARN_CONSTANT_CONVERSION = YES;
				CLANG_WARN_DEPRECATED_OBJC_IMPLEMENTATIONS = YES;
				CLANG_WARN_DIRECT_OBJC_ISA_USAGE = YES_ERROR;
				CLANG_WARN_DOCUMENTATION_COMMENTS = YES;
				CLANG_WARN_EMPTY_BODY = YES;
				CLANG_WARN_ENUM_CONVERSION = YES;
				CLANG_WARN_INFINITE_RECURSION = YES;
				CLANG_WARN_INT_CONVERSION = YES;
				CLANG_WARN_NON_LITERAL_NULL_CONVERSION = YES;
				CLANG_WARN_OBJC_IMPLICIT_RETAIN_SELF = YES;
				CLANG_WARN_OBJC_LITERAL_CONVERSION = YES;
				CLANG_WARN_OBJC_ROOT_CLASS = YES_ERROR;
				CLANG_WARN_RANGE_LOOP_ANALYSIS = YES;
				CLANG_WARN_STRICT_PROTOTYPES = YES;
				CLANG_WARN_SUSPICIOUS_MOVE = YES;
				CLANG_WARN_UNGUARDED_AVAILABILITY = YES_AGGRESSIVE;
				CLANG_WARN_UNREACHABLE_CODE = YES;
				CLANG_WARN__DUPLICATE_METHOD_MATCH = YES;
				CODE_SIGN_IDENTITY = "iPhone Developer";
				COPY_PHASE_STRIP = NO;
				DEBUG_INFORMATION_FORMAT = dwarf;
				ENABLE_STRICT_OBJC_MSGSEND = YES;
				ENABLE_TESTABILITY = YES;
				GCC_C_LANGUAGE_STANDARD = gnu11;
				GCC_DYNAMIC_NO_PIC = NO;
				GCC_NO_COMMON_BLOCKS = YES;
				GCC_OPTIMIZATION_LEVEL = 0;
				GCC_PREPROCESSOR_DEFINITIONS = (
					"DEBUG=1",
					"$(inherited)",
				);
				GCC_WARN_64_TO_32_BIT_CONVERSION = YES;
				GCC_WARN_ABOUT_RETURN_TYPE = YES_ERROR;
				GCC_WARN_UNDECLARED_SELECTOR = YES;
				GCC_WARN_UNINITIALIZED_AUTOS = YES_AGGRESSIVE;
				GCC_WARN_UNUSED_FUNCTION = YES;
				GCC_WARN_UNUSED_VARIABLE = YES;
				IPHONEOS_DEPLOYMENT_TARGET = 12.1;
				MTL_ENABLE_DEBUG_INFO = INCLUDE_SOURCE;
				MTL_FAST_MATH = YES;
				ONLY_ACTIVE_ARCH = YES;
				SDKROOT = iphoneos;
				SWIFT_ACTIVE_COMPILATION_CONDITIONS = DEBUG;
				SWIFT_OPTIMIZATION_LEVEL = "-Onone";
			};
			name = Debug;
		};
		663CBBF821E451E500572FFC /* Release */ = {
			isa = XCBuildConfiguration;
			buildSettings = {
				ALWAYS_SEARCH_USER_PATHS = NO;
				CLANG_ANALYZER_NONNULL = YES;
				CLANG_ANALYZER_NUMBER_OBJECT_CONVERSION = YES_AGGRESSIVE;
				CLANG_CXX_LANGUAGE_STANDARD = "gnu++14";
				CLANG_CXX_LIBRARY = "libc++";
				CLANG_ENABLE_MODULES = YES;
				CLANG_ENABLE_OBJC_ARC = YES;
				CLANG_ENABLE_OBJC_WEAK = YES;
				CLANG_WARN_BLOCK_CAPTURE_AUTORELEASING = YES;
				CLANG_WARN_BOOL_CONVERSION = YES;
				CLANG_WARN_COMMA = YES;
				CLANG_WARN_CONSTANT_CONVERSION = YES;
				CLANG_WARN_DEPRECATED_OBJC_IMPLEMENTATIONS = YES;
				CLANG_WARN_DIRECT_OBJC_ISA_USAGE = YES_ERROR;
				CLANG_WARN_DOCUMENTATION_COMMENTS = YES;
				CLANG_WARN_EMPTY_BODY = YES;
				CLANG_WARN_ENUM_CONVERSION = YES;
				CLANG_WARN_INFINITE_RECURSION = YES;
				CLANG_WARN_INT_CONVERSION = YES;
				CLANG_WARN_NON_LITERAL_NULL_CONVERSION = YES;
				CLANG_WARN_OBJC_IMPLICIT_RETAIN_SELF = YES;
				CLANG_WARN_OBJC_LITERAL_CONVERSION = YES;
				CLANG_WARN_OBJC_ROOT_CLASS = YES_ERROR;
				CLANG_WARN_RANGE_LOOP_ANALYSIS = YES;
				CLANG_WARN_STRICT_PROTOTYPES = YES;
				CLANG_WARN_SUSPICIOUS_MOVE = YES;
				CLANG_WARN_UNGUARDED_AVAILABILITY = YES_AGGRESSIVE;
				CLANG_WARN_UNREACHABLE_CODE = YES;
				CLANG_WARN__DUPLICATE_METHOD_MATCH = YES;
				CODE_SIGN_IDENTITY = "iPhone Developer";
				COPY_PHASE_STRIP = NO;
				DEBUG_INFORMATION_FORMAT = "dwarf-with-dsym";
				ENABLE_NS_ASSERTIONS = NO;
				ENABLE_STRICT_OBJC_MSGSEND = YES;
				GCC_C_LANGUAGE_STANDARD = gnu11;
				GCC_NO_COMMON_BLOCKS = YES;
				GCC_WARN_64_TO_32_BIT_CONVERSION = YES;
				GCC_WARN_ABOUT_RETURN_TYPE = YES_ERROR;
				GCC_WARN_UNDECLARED_SELECTOR = YES;
				GCC_WARN_UNINITIALIZED_AUTOS = YES_AGGRESSIVE;
				GCC_WARN_UNUSED_FUNCTION = YES;
				GCC_WARN_UNUSED_VARIABLE = YES;
				IPHONEOS_DEPLOYMENT_TARGET = 12.1;
				MTL_ENABLE_DEBUG_INFO = NO;
				MTL_FAST_MATH = YES;
				SDKROOT = iphoneos;
				SWIFT_COMPILATION_MODE = wholemodule;
				SWIFT_OPTIMIZATION_LEVEL = "-O";
				VALIDATE_PRODUCT = YES;
			};
			name = Release;
		};
		663CBBFA21E451E500572FFC /* Debug */ = {
			isa = XCBuildConfiguration;
			baseConfigurationReference = 013BB0A6A2039AB2ED724247 /* Pods-Final Challenge.debug.xcconfig */;
			buildSettings = {
				ASSETCATALOG_COMPILER_APPICON_NAME = AppIcon;
				CODE_SIGN_STYLE = Automatic;
				DEVELOPMENT_TEAM = 3ZHR6JDHY4;
				INFOPLIST_FILE = "Final Challenge/Info.plist";
				IPHONEOS_DEPLOYMENT_TARGET = 12.1;
				LD_RUNPATH_SEARCH_PATHS = (
					"$(inherited)",
					"@executable_path/Frameworks",
				);
				PRODUCT_BUNDLE_IDENTIFIER = "calonFacil.Final-Challenge";
				PRODUCT_NAME = "$(TARGET_NAME)";
				SWIFT_VERSION = 4.2;
				TARGETED_DEVICE_FAMILY = "1,2";
			};
			name = Debug;
		};
		663CBBFB21E451E500572FFC /* Release */ = {
			isa = XCBuildConfiguration;
			baseConfigurationReference = 359B432ACDA4F0042D37E042 /* Pods-Final Challenge.release.xcconfig */;
			buildSettings = {
				ASSETCATALOG_COMPILER_APPICON_NAME = AppIcon;
				CODE_SIGN_STYLE = Automatic;
				DEVELOPMENT_TEAM = 3ZHR6JDHY4;
				INFOPLIST_FILE = "Final Challenge/Info.plist";
				IPHONEOS_DEPLOYMENT_TARGET = 12.1;
				LD_RUNPATH_SEARCH_PATHS = (
					"$(inherited)",
					"@executable_path/Frameworks",
				);
				PRODUCT_BUNDLE_IDENTIFIER = "calonFacil.Final-Challenge";
				PRODUCT_NAME = "$(TARGET_NAME)";
				SWIFT_VERSION = 4.2;
				TARGETED_DEVICE_FAMILY = "1,2";
			};
			name = Release;
		};
/* End XCBuildConfiguration section */

/* Begin XCConfigurationList section */
		663CBBDF21E451E300572FFC /* Build configuration list for PBXProject "Final Challenge" */ = {
			isa = XCConfigurationList;
			buildConfigurations = (
				663CBBF721E451E500572FFC /* Debug */,
				663CBBF821E451E500572FFC /* Release */,
			);
			defaultConfigurationIsVisible = 0;
			defaultConfigurationName = Release;
		};
		663CBBF921E451E500572FFC /* Build configuration list for PBXNativeTarget "Final Challenge" */ = {
			isa = XCConfigurationList;
			buildConfigurations = (
				663CBBFA21E451E500572FFC /* Debug */,
				663CBBFB21E451E500572FFC /* Release */,
			);
			defaultConfigurationIsVisible = 0;
			defaultConfigurationName = Release;
		};
/* End XCConfigurationList section */

/* Begin XCVersionGroup section */
		663CBBEE21E451E400572FFC /* Final_Challenge.xcdatamodeld */ = {
			isa = XCVersionGroup;
			children = (
				663CBBEF21E451E400572FFC /* Final_Challenge.xcdatamodel */,
			);
			currentVersion = 663CBBEF21E451E400572FFC /* Final_Challenge.xcdatamodel */;
			path = Final_Challenge.xcdatamodeld;
			sourceTree = "<group>";
			versionGroupType = wrapper.xcdatamodel;
		};
/* End XCVersionGroup section */
	};
	rootObject = 663CBBDC21E451E300572FFC /* Project object */;
}
